// !$*UTF8*$!
{
	archiveVersion = 1;
	classes = {
	};
	objectVersion = 56;
	objects = {

/* Begin PBXBuildFile section */
		33E6F7CF29C2EC27009013D2 /* AppDelegate.swift in Sources */ = {isa = PBXBuildFile; fileRef = 33E6F7CE29C2EC27009013D2 /* AppDelegate.swift */; };
		33E6F7D129C2EC27009013D2 /* SceneDelegate.swift in Sources */ = {isa = PBXBuildFile; fileRef = 33E6F7D029C2EC27009013D2 /* SceneDelegate.swift */; };
		33E6F7D329C2EC27009013D2 /* ViewController.swift in Sources */ = {isa = PBXBuildFile; fileRef = 33E6F7D229C2EC27009013D2 /* ViewController.swift */; };
		33E6F7D629C2EC27009013D2 /* Main.storyboard in Resources */ = {isa = PBXBuildFile; fileRef = 33E6F7D429C2EC27009013D2 /* Main.storyboard */; };
		33E6F7D929C2EC27009013D2 /* String.xcdatamodeld in Sources */ = {isa = PBXBuildFile; fileRef = 33E6F7D729C2EC27009013D2 /* String.xcdatamodeld */; };
		33E6F7DB29C2EC27009013D2 /* Assets.xcassets in Resources */ = {isa = PBXBuildFile; fileRef = 33E6F7DA29C2EC27009013D2 /* Assets.xcassets */; };
		33E6F7DE29C2EC27009013D2 /* LaunchScreen.storyboard in Resources */ = {isa = PBXBuildFile; fileRef = 33E6F7DC29C2EC27009013D2 /* LaunchScreen.storyboard */; };
		33E6F7E929C2EC27009013D2 /* StringTests.swift in Sources */ = {isa = PBXBuildFile; fileRef = 33E6F7E829C2EC27009013D2 /* StringTests.swift */; };
		33E6F7F329C2EC27009013D2 /* StringUITests.swift in Sources */ = {isa = PBXBuildFile; fileRef = 33E6F7F229C2EC27009013D2 /* StringUITests.swift */; };
		33E6F7F529C2EC27009013D2 /* StringUITestsLaunchTests.swift in Sources */ = {isa = PBXBuildFile; fileRef = 33E6F7F429C2EC27009013D2 /* StringUITestsLaunchTests.swift */; };
/* End PBXBuildFile section */

/* Begin PBXContainerItemProxy section */
		33E6F7E529C2EC27009013D2 /* PBXContainerItemProxy */ = {
			isa = PBXContainerItemProxy;
			containerPortal = 33E6F7C329C2EC26009013D2 /* Project object */;
			proxyType = 1;
			remoteGlobalIDString = 33E6F7CA29C2EC27009013D2;
			remoteInfo = String;
		};
		33E6F7EF29C2EC27009013D2 /* PBXContainerItemProxy */ = {
			isa = PBXContainerItemProxy;
			containerPortal = 33E6F7C329C2EC26009013D2 /* Project object */;
			proxyType = 1;
			remoteGlobalIDString = 33E6F7CA29C2EC27009013D2;
			remoteInfo = String;
		};
/* End PBXContainerItemProxy section */

/* Begin PBXFileReference section */
		33E6F7CB29C2EC27009013D2 /* String.app */ = {isa = PBXFileReference; explicitFileType = wrapper.application; includeInIndex = 0; path = String.app; sourceTree = BUILT_PRODUCTS_DIR; };
		33E6F7CE29C2EC27009013D2 /* AppDelegate.swift */ = {isa = PBXFileReference; lastKnownFileType = sourcecode.swift; path = AppDelegate.swift; sourceTree = "<group>"; };
		33E6F7D029C2EC27009013D2 /* SceneDelegate.swift */ = {isa = PBXFileReference; lastKnownFileType = sourcecode.swift; path = SceneDelegate.swift; sourceTree = "<group>"; };
		33E6F7D229C2EC27009013D2 /* ViewController.swift */ = {isa = PBXFileReference; lastKnownFileType = sourcecode.swift; path = ViewController.swift; sourceTree = "<group>"; };
		33E6F7D529C2EC27009013D2 /* Base */ = {isa = PBXFileReference; lastKnownFileType = file.storyboard; name = Base; path = Base.lproj/Main.storyboard; sourceTree = "<group>"; };
		33E6F7D829C2EC27009013D2 /* String.xcdatamodel */ = {isa = PBXFileReference; lastKnownFileType = wrapper.xcdatamodel; path = String.xcdatamodel; sourceTree = "<group>"; };
		33E6F7DA29C2EC27009013D2 /* Assets.xcassets */ = {isa = PBXFileReference; lastKnownFileType = folder.assetcatalog; path = Assets.xcassets; sourceTree = "<group>"; };
		33E6F7DD29C2EC27009013D2 /* Base */ = {isa = PBXFileReference; lastKnownFileType = file.storyboard; name = Base; path = Base.lproj/LaunchScreen.storyboard; sourceTree = "<group>"; };
		33E6F7DF29C2EC27009013D2 /* Info.plist */ = {isa = PBXFileReference; lastKnownFileType = text.plist.xml; path = Info.plist; sourceTree = "<group>"; };
		33E6F7E429C2EC27009013D2 /* StringTests.xctest */ = {isa = PBXFileReference; explicitFileType = wrapper.cfbundle; includeInIndex = 0; path = StringTests.xctest; sourceTree = BUILT_PRODUCTS_DIR; };
		33E6F7E829C2EC27009013D2 /* StringTests.swift */ = {isa = PBXFileReference; lastKnownFileType = sourcecode.swift; path = StringTests.swift; sourceTree = "<group>"; };
		33E6F7EE29C2EC27009013D2 /* StringUITests.xctest */ = {isa = PBXFileReference; explicitFileType = wrapper.cfbundle; includeInIndex = 0; path = StringUITests.xctest; sourceTree = BUILT_PRODUCTS_DIR; };
		33E6F7F229C2EC27009013D2 /* StringUITests.swift */ = {isa = PBXFileReference; lastKnownFileType = sourcecode.swift; path = StringUITests.swift; sourceTree = "<group>"; };
		33E6F7F429C2EC27009013D2 /* StringUITestsLaunchTests.swift */ = {isa = PBXFileReference; lastKnownFileType = sourcecode.swift; path = StringUITestsLaunchTests.swift; sourceTree = "<group>"; };
/* End PBXFileReference section */

/* Begin PBXFrameworksBuildPhase section */
		33E6F7C829C2EC27009013D2 /* Frameworks */ = {
			isa = PBXFrameworksBuildPhase;
			buildActionMask = 2147483647;
			files = (
			);
			runOnlyForDeploymentPostprocessing = 0;
		};
		33E6F7E129C2EC27009013D2 /* Frameworks */ = {
			isa = PBXFrameworksBuildPhase;
			buildActionMask = 2147483647;
			files = (
			);
			runOnlyForDeploymentPostprocessing = 0;
		};
		33E6F7EB29C2EC27009013D2 /* Frameworks */ = {
			isa = PBXFrameworksBuildPhase;
			buildActionMask = 2147483647;
			files = (
			);
			runOnlyForDeploymentPostprocessing = 0;
		};
/* End PBXFrameworksBuildPhase section */

/* Begin PBXGroup section */
		33E6F7C229C2EC26009013D2 = {
			isa = PBXGroup;
			children = (
				33E6F7CD29C2EC27009013D2 /* String */,
				33E6F7E729C2EC27009013D2 /* StringTests */,
				33E6F7F129C2EC27009013D2 /* StringUITests */,
				33E6F7CC29C2EC27009013D2 /* Products */,
			);
			sourceTree = "<group>";
		};
		33E6F7CC29C2EC27009013D2 /* Products */ = {
			isa = PBXGroup;
			children = (
				33E6F7CB29C2EC27009013D2 /* String.app */,
				33E6F7E429C2EC27009013D2 /* StringTests.xctest */,
				33E6F7EE29C2EC27009013D2 /* StringUITests.xctest */,
			);
			name = Products;
			sourceTree = "<group>";
		};
		33E6F7CD29C2EC27009013D2 /* String */ = {
			isa = PBXGroup;
			children = (
				33E6F7CE29C2EC27009013D2 /* AppDelegate.swift */,
				33E6F7D029C2EC27009013D2 /* SceneDelegate.swift */,
				33E6F7D229C2EC27009013D2 /* ViewController.swift */,
				33E6F7D429C2EC27009013D2 /* Main.storyboard */,
				33E6F7DA29C2EC27009013D2 /* Assets.xcassets */,
				33E6F7DC29C2EC27009013D2 /* LaunchScreen.storyboard */,
				33E6F7DF29C2EC27009013D2 /* Info.plist */,
				33E6F7D729C2EC27009013D2 /* String.xcdatamodeld */,
			);
			path = String;
			sourceTree = "<group>";
		};
		33E6F7E729C2EC27009013D2 /* StringTests */ = {
			isa = PBXGroup;
			children = (
				33E6F7E829C2EC27009013D2 /* StringTests.swift */,
			);
			path = StringTests;
			sourceTree = "<group>";
		};
		33E6F7F129C2EC27009013D2 /* StringUITests */ = {
			isa = PBXGroup;
			children = (
				33E6F7F229C2EC27009013D2 /* StringUITests.swift */,
				33E6F7F429C2EC27009013D2 /* StringUITestsLaunchTests.swift */,
			);
			path = StringUITests;
			sourceTree = "<group>";
		};
/* End PBXGroup section */

/* Begin PBXNativeTarget section */
		33E6F7CA29C2EC27009013D2 /* String */ = {
			isa = PBXNativeTarget;
			buildConfigurationList = 33E6F7F829C2EC27009013D2 /* Build configuration list for PBXNativeTarget "String" */;
			buildPhases = (
				33E6F7C729C2EC27009013D2 /* Sources */,
				33E6F7C829C2EC27009013D2 /* Frameworks */,
				33E6F7C929C2EC27009013D2 /* Resources */,
			);
			buildRules = (
			);
			dependencies = (
			);
			name = String;
			productName = String;
			productReference = 33E6F7CB29C2EC27009013D2 /* String.app */;
			productType = "com.apple.product-type.application";
		};
		33E6F7E329C2EC27009013D2 /* StringTests */ = {
			isa = PBXNativeTarget;
			buildConfigurationList = 33E6F7FB29C2EC27009013D2 /* Build configuration list for PBXNativeTarget "StringTests" */;
			buildPhases = (
				33E6F7E029C2EC27009013D2 /* Sources */,
				33E6F7E129C2EC27009013D2 /* Frameworks */,
				33E6F7E229C2EC27009013D2 /* Resources */,
			);
			buildRules = (
			);
			dependencies = (
				33E6F7E629C2EC27009013D2 /* PBXTargetDependency */,
			);
			name = StringTests;
			productName = StringTests;
			productReference = 33E6F7E429C2EC27009013D2 /* StringTests.xctest */;
			productType = "com.apple.product-type.bundle.unit-test";
		};
		33E6F7ED29C2EC27009013D2 /* StringUITests */ = {
			isa = PBXNativeTarget;
			buildConfigurationList = 33E6F7FE29C2EC27009013D2 /* Build configuration list for PBXNativeTarget "StringUITests" */;
			buildPhases = (
				33E6F7EA29C2EC27009013D2 /* Sources */,
				33E6F7EB29C2EC27009013D2 /* Frameworks */,
				33E6F7EC29C2EC27009013D2 /* Resources */,
			);
			buildRules = (
			);
			dependencies = (
				33E6F7F029C2EC27009013D2 /* PBXTargetDependency */,
			);
			name = StringUITests;
			productName = StringUITests;
			productReference = 33E6F7EE29C2EC27009013D2 /* StringUITests.xctest */;
			productType = "com.apple.product-type.bundle.ui-testing";
		};
/* End PBXNativeTarget section */

/* Begin PBXProject section */
		33E6F7C329C2EC26009013D2 /* Project object */ = {
			isa = PBXProject;
			attributes = {
				BuildIndependentTargetsInParallel = 1;
				LastSwiftUpdateCheck = 1420;
				LastUpgradeCheck = 1420;
				TargetAttributes = {
					33E6F7CA29C2EC27009013D2 = {
						CreatedOnToolsVersion = 14.2;
					};
					33E6F7E329C2EC27009013D2 = {
						CreatedOnToolsVersion = 14.2;
						TestTargetID = 33E6F7CA29C2EC27009013D2;
					};
					33E6F7ED29C2EC27009013D2 = {
						CreatedOnToolsVersion = 14.2;
						TestTargetID = 33E6F7CA29C2EC27009013D2;
					};
				};
			};
			buildConfigurationList = 33E6F7C629C2EC26009013D2 /* Build configuration list for PBXProject "String" */;
			compatibilityVersion = "Xcode 14.0";
			developmentRegion = en;
			hasScannedForEncodings = 0;
			knownRegions = (
				en,
				Base,
			);
			mainGroup = 33E6F7C229C2EC26009013D2;
			productRefGroup = 33E6F7CC29C2EC27009013D2 /* Products */;
			projectDirPath = "";
			projectRoot = "";
			targets = (
				33E6F7CA29C2EC27009013D2 /* String */,
				33E6F7E329C2EC27009013D2 /* StringTests */,
				33E6F7ED29C2EC27009013D2 /* StringUITests */,
			);
		};
/* End PBXProject section */

/* Begin PBXResourcesBuildPhase section */
		33E6F7C929C2EC27009013D2 /* Resources */ = {
			isa = PBXResourcesBuildPhase;
			buildActionMask = 2147483647;
			files = (
				33E6F7DE29C2EC27009013D2 /* LaunchScreen.storyboard in Resources */,
				33E6F7DB29C2EC27009013D2 /* Assets.xcassets in Resources */,
				33E6F7D629C2EC27009013D2 /* Main.storyboard in Resources */,
			);
			runOnlyForDeploymentPostprocessing = 0;
		};
		33E6F7E229C2EC27009013D2 /* Resources */ = {
			isa = PBXResourcesBuildPhase;
			buildActionMask = 2147483647;
			files = (
			);
			runOnlyForDeploymentPostprocessing = 0;
		};
		33E6F7EC29C2EC27009013D2 /* Resources */ = {
			isa = PBXResourcesBuildPhase;
			buildActionMask = 2147483647;
			files = (
			);
			runOnlyForDeploymentPostprocessing = 0;
		};
/* End PBXResourcesBuildPhase section */

/* Begin PBXSourcesBuildPhase section */
		33E6F7C729C2EC27009013D2 /* Sources */ = {
			isa = PBXSourcesBuildPhase;
			buildActionMask = 2147483647;
			files = (
				33E6F7D329C2EC27009013D2 /* ViewController.swift in Sources */,
				33E6F7CF29C2EC27009013D2 /* AppDelegate.swift in Sources */,
				33E6F7D929C2EC27009013D2 /* String.xcdatamodeld in Sources */,
				33E6F7D129C2EC27009013D2 /* SceneDelegate.swift in Sources */,
			);
			runOnlyForDeploymentPostprocessing = 0;
		};
		33E6F7E029C2EC27009013D2 /* Sources */ = {
			isa = PBXSourcesBuildPhase;
			buildActionMask = 2147483647;
			files = (
				33E6F7E929C2EC27009013D2 /* StringTests.swift in Sources */,
			);
			runOnlyForDeploymentPostprocessing = 0;
		};
		33E6F7EA29C2EC27009013D2 /* Sources */ = {
			isa = PBXSourcesBuildPhase;
			buildActionMask = 2147483647;
			files = (
				33E6F7F329C2EC27009013D2 /* StringUITests.swift in Sources */,
				33E6F7F529C2EC27009013D2 /* StringUITestsLaunchTests.swift in Sources */,
			);
			runOnlyForDeploymentPostprocessing = 0;
		};
/* End PBXSourcesBuildPhase section */

/* Begin PBXTargetDependency section */
		33E6F7E629C2EC27009013D2 /* PBXTargetDependency */ = {
			isa = PBXTargetDependency;
			target = 33E6F7CA29C2EC27009013D2 /* String */;
			targetProxy = 33E6F7E529C2EC27009013D2 /* PBXContainerItemProxy */;
		};
		33E6F7F029C2EC27009013D2 /* PBXTargetDependency */ = {
			isa = PBXTargetDependency;
			target = 33E6F7CA29C2EC27009013D2 /* String */;
			targetProxy = 33E6F7EF29C2EC27009013D2 /* PBXContainerItemProxy */;
		};
/* End PBXTargetDependency section */

/* Begin PBXVariantGroup section */
		33E6F7D429C2EC27009013D2 /* Main.storyboard */ = {
			isa = PBXVariantGroup;
			children = (
				33E6F7D529C2EC27009013D2 /* Base */,
			);
			name = Main.storyboard;
			sourceTree = "<group>";
		};
		33E6F7DC29C2EC27009013D2 /* LaunchScreen.storyboard */ = {
			isa = PBXVariantGroup;
			children = (
				33E6F7DD29C2EC27009013D2 /* Base */,
			);
			name = LaunchScreen.storyboard;
			sourceTree = "<group>";
		};
/* End PBXVariantGroup section */

/* Begin XCBuildConfiguration section */
		33E6F7F629C2EC27009013D2 /* Debug */ = {
			isa = XCBuildConfiguration;
			buildSettings = {
				ALWAYS_SEARCH_USER_PATHS = NO;
				CLANG_ANALYZER_NONNULL = YES;
				CLANG_ANALYZER_NUMBER_OBJECT_CONVERSION = YES_AGGRESSIVE;
				CLANG_CXX_LANGUAGE_STANDARD = "gnu++20";
				CLANG_ENABLE_MODULES = YES;
				CLANG_ENABLE_OBJC_ARC = YES;
				CLANG_ENABLE_OBJC_WEAK = YES;
				CLANG_WARN_BLOCK_CAPTURE_AUTORELEASING = YES;
				CLANG_WARN_BOOL_CONVERSION = YES;
				CLANG_WARN_COMMA = YES;
				CLANG_WARN_CONSTANT_CONVERSION = YES;
				CLANG_WARN_DEPRECATED_OBJC_IMPLEMENTATIONS = YES;
				CLANG_WARN_DIRECT_OBJC_ISA_USAGE = YES_ERROR;
				CLANG_WARN_DOCUMENTATION_COMMENTS = YES;
				CLANG_WARN_EMPTY_BODY = YES;
				CLANG_WARN_ENUM_CONVERSION = YES;
				CLANG_WARN_INFINITE_RECURSION = YES;
				CLANG_WARN_INT_CONVERSION = YES;
				CLANG_WARN_NON_LITERAL_NULL_CONVERSION = YES;
				CLANG_WARN_OBJC_IMPLICIT_RETAIN_SELF = YES;
				CLANG_WARN_OBJC_LITERAL_CONVERSION = YES;
				CLANG_WARN_OBJC_ROOT_CLASS = YES_ERROR;
				CLANG_WARN_QUOTED_INCLUDE_IN_FRAMEWORK_HEADER = YES;
				CLANG_WARN_RANGE_LOOP_ANALYSIS = YES;
				CLANG_WARN_STRICT_PROTOTYPES = YES;
				CLANG_WARN_SUSPICIOUS_MOVE = YES;
				CLANG_WARN_UNGUARDED_AVAILABILITY = YES_AGGRESSIVE;
				CLANG_WARN_UNREACHABLE_CODE = YES;
				CLANG_WARN__DUPLICATE_METHOD_MATCH = YES;
				COPY_PHASE_STRIP = NO;
				DEBUG_INFORMATION_FORMAT = dwarf;
				ENABLE_STRICT_OBJC_MSGSEND = YES;
				ENABLE_TESTABILITY = YES;
				GCC_C_LANGUAGE_STANDARD = gnu11;
				GCC_DYNAMIC_NO_PIC = NO;
				GCC_NO_COMMON_BLOCKS = YES;
				GCC_OPTIMIZATION_LEVEL = 0;
				GCC_PREPROCESSOR_DEFINITIONS = (
					"DEBUG=1",
					"$(inherited)",
				);
				GCC_WARN_64_TO_32_BIT_CONVERSION = YES;
				GCC_WARN_ABOUT_RETURN_TYPE = YES_ERROR;
				GCC_WARN_UNDECLARED_SELECTOR = YES;
				GCC_WARN_UNINITIALIZED_AUTOS = YES_AGGRESSIVE;
				GCC_WARN_UNUSED_FUNCTION = YES;
				GCC_WARN_UNUSED_VARIABLE = YES;
				IPHONEOS_DEPLOYMENT_TARGET = 16.2;
				MTL_ENABLE_DEBUG_INFO = INCLUDE_SOURCE;
				MTL_FAST_MATH = YES;
				ONLY_ACTIVE_ARCH = YES;
				SDKROOT = iphoneos;
				SWIFT_ACTIVE_COMPILATION_CONDITIONS = DEBUG;
				SWIFT_OPTIMIZATION_LEVEL = "-Onone";
			};
			name = Debug;
		};
		33E6F7F729C2EC27009013D2 /* Release */ = {
			isa = XCBuildConfiguration;
			buildSettings = {
				ALWAYS_SEARCH_USER_PATHS = NO;
				CLANG_ANALYZER_NONNULL = YES;
				CLANG_ANALYZER_NUMBER_OBJECT_CONVERSION = YES_AGGRESSIVE;
				CLANG_CXX_LANGUAGE_STANDARD = "gnu++20";
				CLANG_ENABLE_MODULES = YES;
				CLANG_ENABLE_OBJC_ARC = YES;
				CLANG_ENABLE_OBJC_WEAK = YES;
				CLANG_WARN_BLOCK_CAPTURE_AUTORELEASING = YES;
				CLANG_WARN_BOOL_CONVERSION = YES;
				CLANG_WARN_COMMA = YES;
				CLANG_WARN_CONSTANT_CONVERSION = YES;
				CLANG_WARN_DEPRECATED_OBJC_IMPLEMENTATIONS = YES;
				CLANG_WARN_DIRECT_OBJC_ISA_USAGE = YES_ERROR;
				CLANG_WARN_DOCUMENTATION_COMMENTS = YES;
				CLANG_WARN_EMPTY_BODY = YES;
				CLANG_WARN_ENUM_CONVERSION = YES;
				CLANG_WARN_INFINITE_RECURSION = YES;
				CLANG_WARN_INT_CONVERSION = YES;
				CLANG_WARN_NON_LITERAL_NULL_CONVERSION = YES;
				CLANG_WARN_OBJC_IMPLICIT_RETAIN_SELF = YES;
				CLANG_WARN_OBJC_LITERAL_CONVERSION = YES;
				CLANG_WARN_OBJC_ROOT_CLASS = YES_ERROR;
				CLANG_WARN_QUOTED_INCLUDE_IN_FRAMEWORK_HEADER = YES;
				CLANG_WARN_RANGE_LOOP_ANALYSIS = YES;
				CLANG_WARN_STRICT_PROTOTYPES = YES;
				CLANG_WARN_SUSPICIOUS_MOVE = YES;
				CLANG_WARN_UNGUARDED_AVAILABILITY = YES_AGGRESSIVE;
				CLANG_WARN_UNREACHABLE_CODE = YES;
				CLANG_WARN__DUPLICATE_METHOD_MATCH = YES;
				COPY_PHASE_STRIP = NO;
				DEBUG_INFORMATION_FORMAT = "dwarf-with-dsym";
				ENABLE_NS_ASSERTIONS = NO;
				ENABLE_STRICT_OBJC_MSGSEND = YES;
				GCC_C_LANGUAGE_STANDARD = gnu11;
				GCC_NO_COMMON_BLOCKS = YES;
				GCC_WARN_64_TO_32_BIT_CONVERSION = YES;
				GCC_WARN_ABOUT_RETURN_TYPE = YES_ERROR;
				GCC_WARN_UNDECLARED_SELECTOR = YES;
				GCC_WARN_UNINITIALIZED_AUTOS = YES_AGGRESSIVE;
				GCC_WARN_UNUSED_FUNCTION = YES;
				GCC_WARN_UNUSED_VARIABLE = YES;
				IPHONEOS_DEPLOYMENT_TARGET = 16.2;
				MTL_ENABLE_DEBUG_INFO = NO;
				MTL_FAST_MATH = YES;
				SDKROOT = iphoneos;
				SWIFT_COMPILATION_MODE = wholemodule;
				SWIFT_OPTIMIZATION_LEVEL = "-O";
				VALIDATE_PRODUCT = YES;
			};
			name = Release;
		};
		33E6F7F929C2EC27009013D2 /* Debug */ = {
			isa = XCBuildConfiguration;
			buildSettings = {
				ASSETCATALOG_COMPILER_APPICON_NAME = AppIcon;
				ASSETCATALOG_COMPILER_GLOBAL_ACCENT_COLOR_NAME = AccentColor;
				CODE_SIGN_STYLE = Automatic;
				CURRENT_PROJECT_VERSION = 1;
				DEVELOPMENT_TEAM = GYX5BG44P8;
				GENERATE_INFOPLIST_FILE = YES;
				INFOPLIST_FILE = String/Info.plist;
				INFOPLIST_KEY_UIApplicationSupportsIndirectInputEvents = YES;
				INFOPLIST_KEY_UILaunchStoryboardName = LaunchScreen;
				INFOPLIST_KEY_UIMainStoryboardFile = Main;
				INFOPLIST_KEY_UISupportedInterfaceOrientations_iPad = "UIInterfaceOrientationPortrait UIInterfaceOrientationPortraitUpsideDown UIInterfaceOrientationLandscapeLeft UIInterfaceOrientationLandscapeRight";
				INFOPLIST_KEY_UISupportedInterfaceOrientations_iPhone = "UIInterfaceOrientationPortrait UIInterfaceOrientationLandscapeLeft UIInterfaceOrientationLandscapeRight";
				LD_RUNPATH_SEARCH_PATHS = (
					"$(inherited)",
					"@executable_path/Frameworks",
				);
				MARKETING_VERSION = 1.0;
				PRODUCT_BUNDLE_IDENTIFIER = com.various.String;
				PRODUCT_NAME = "$(TARGET_NAME)";
				SWIFT_EMIT_LOC_STRINGS = YES;
				SWIFT_VERSION = 5.0;
				TARGETED_DEVICE_FAMILY = "1,2";
			};
			name = Debug;
		};
		33E6F7FA29C2EC27009013D2 /* Release */ = {
			isa = XCBuildConfiguration;
			buildSettings = {
				ASSETCATALOG_COMPILER_APPICON_NAME = AppIcon;
				ASSETCATALOG_COMPILER_GLOBAL_ACCENT_COLOR_NAME = AccentColor;
				CODE_SIGN_STYLE = Automatic;
				CURRENT_PROJECT_VERSION = 1;
				DEVELOPMENT_TEAM = GYX5BG44P8;
				GENERATE_INFOPLIST_FILE = YES;
				INFOPLIST_FILE = String/Info.plist;
				INFOPLIST_KEY_UIApplicationSupportsIndirectInputEvents = YES;
				INFOPLIST_KEY_UILaunchStoryboardName = LaunchScreen;
				INFOPLIST_KEY_UIMainStoryboardFile = Main;
				INFOPLIST_KEY_UISupportedInterfaceOrientations_iPad = "UIInterfaceOrientationPortrait UIInterfaceOrientationPortraitUpsideDown UIInterfaceOrientationLandscapeLeft UIInterfaceOrientationLandscapeRight";
				INFOPLIST_KEY_UISupportedInterfaceOrientations_iPhone = "UIInterfaceOrientationPortrait UIInterfaceOrientationLandscapeLeft UIInterfaceOrientationLandscapeRight";
				LD_RUNPATH_SEARCH_PATHS = (
					"$(inherited)",
					"@executable_path/Frameworks",
				);
				MARKETING_VERSION = 1.0;
				PRODUCT_BUNDLE_IDENTIFIER = com.various.String;
				PRODUCT_NAME = "$(TARGET_NAME)";
				SWIFT_EMIT_LOC_STRINGS = YES;
				SWIFT_VERSION = 5.0;
				TARGETED_DEVICE_FAMILY = "1,2";
			};
			name = Release;
		};
		33E6F7FC29C2EC27009013D2 /* Debug */ = {
			isa = XCBuildConfiguration;
			buildSettings = {
				ALWAYS_EMBED_SWIFT_STANDARD_LIBRARIES = YES;
				BUNDLE_LOADER = "$(TEST_HOST)";
				CODE_SIGN_STYLE = Automatic;
				CURRENT_PROJECT_VERSION = 1;
				DEVELOPMENT_TEAM = GYX5BG44P8;
				GENERATE_INFOPLIST_FILE = YES;
				IPHONEOS_DEPLOYMENT_TARGET = 16.2;
				MARKETING_VERSION = 1.0;
				PRODUCT_BUNDLE_IDENTIFIER = com.various.StringTests;
				PRODUCT_NAME = "$(TARGET_NAME)";
				SWIFT_EMIT_LOC_STRINGS = NO;
				SWIFT_VERSION = 5.0;
				TARGETED_DEVICE_FAMILY = "1,2";
				TEST_HOST = "$(BUILT_PRODUCTS_DIR)/String.app/$(BUNDLE_EXECUTABLE_FOLDER_PATH)/String";
			};
			name = Debug;
		};
		33E6F7FD29C2EC27009013D2 /* Release */ = {
			isa = XCBuildConfiguration;
			buildSettings = {
				ALWAYS_EMBED_SWIFT_STANDARD_LIBRARIES = YES;
				BUNDLE_LOADER = "$(TEST_HOST)";
				CODE_SIGN_STYLE = Automatic;
				CURRENT_PROJECT_VERSION = 1;
				DEVELOPMENT_TEAM = GYX5BG44P8;
				GENERATE_INFOPLIST_FILE = YES;
				IPHONEOS_DEPLOYMENT_TARGET = 16.2;
				MARKETING_VERSION = 1.0;
				PRODUCT_BUNDLE_IDENTIFIER = com.various.StringTests;
				PRODUCT_NAME = "$(TARGET_NAME)";
				SWIFT_EMIT_LOC_STRINGS = NO;
				SWIFT_VERSION = 5.0;
				TARGETED_DEVICE_FAMILY = "1,2";
				TEST_HOST = "$(BUILT_PRODUCTS_DIR)/String.app/$(BUNDLE_EXECUTABLE_FOLDER_PATH)/String";
			};
			name = Release;
		};
		33E6F7FF29C2EC27009013D2 /* Debug */ = {
			isa = XCBuildConfiguration;
			buildSettings = {
				ALWAYS_EMBED_SWIFT_STANDARD_LIBRARIES = YES;
				CODE_SIGN_STYLE = Automatic;
				CURRENT_PROJECT_VERSION = 1;
				DEVELOPMENT_TEAM = GYX5BG44P8;
				GENERATE_INFOPLIST_FILE = YES;
				MARKETING_VERSION = 1.0;
				PRODUCT_BUNDLE_IDENTIFIER = com.various.StringUITests;
				PRODUCT_NAME = "$(TARGET_NAME)";
				SWIFT_EMIT_LOC_STRINGS = NO;
				SWIFT_VERSION = 5.0;
				TARGETED_DEVICE_FAMILY = "1,2";
				TEST_TARGET_NAME = String;
			};
			name = Debug;
		};
		33E6F80029C2EC27009013D2 /* Release */ = {
			isa = XCBuildConfiguration;
			buildSettings = {
				ALWAYS_EMBED_SWIFT_STANDARD_LIBRARIES = YES;
				CODE_SIGN_STYLE = Automatic;
				CURRENT_PROJECT_VERSION = 1;
				DEVELOPMENT_TEAM = GYX5BG44P8;
				GENERATE_INFOPLIST_FILE = YES;
				MARKETING_VERSION = 1.0;
				PRODUCT_BUNDLE_IDENTIFIER = com.various.StringUITests;
				PRODUCT_NAME = "$(TARGET_NAME)";
				SWIFT_EMIT_LOC_STRINGS = NO;
				SWIFT_VERSION = 5.0;
				TARGETED_DEVICE_FAMILY = "1,2";
				TEST_TARGET_NAME = String;
			};
			name = Release;
		};
/* End XCBuildConfiguration section */

/* Begin XCConfigurationList section */
		33E6F7C629C2EC26009013D2 /* Build configuration list for PBXProject "String" */ = {
			isa = XCConfigurationList;
			buildConfigurations = (
				33E6F7F629C2EC27009013D2 /* Debug */,
				33E6F7F729C2EC27009013D2 /* Release */,
			);
			defaultConfigurationIsVisible = 0;
			defaultConfigurationName = Release;
		};
		33E6F7F829C2EC27009013D2 /* Build configuration list for PBXNativeTarget "String" */ = {
			isa = XCConfigurationList;
			buildConfigurations = (
				33E6F7F929C2EC27009013D2 /* Debug */,
				33E6F7FA29C2EC27009013D2 /* Release */,
			);
			defaultConfigurationIsVisible = 0;
			defaultConfigurationName = Release;
		};
		33E6F7FB29C2EC27009013D2 /* Build configuration list for PBXNativeTarget "StringTests" */ = {
			isa = XCConfigurationList;
			buildConfigurations = (
				33E6F7FC29C2EC27009013D2 /* Debug */,
				33E6F7FD29C2EC27009013D2 /* Release */,
			);
			defaultConfigurationIsVisible = 0;
			defaultConfigurationName = Release;
		};
		33E6F7FE29C2EC27009013D2 /* Build configuration list for PBXNativeTarget "StringUITests" */ = {
			isa = XCConfigurationList;
			buildConfigurations = (
				33E6F7FF29C2EC27009013D2 /* Debug */,
				33E6F80029C2EC27009013D2 /* Release */,
			);
			defaultConfigurationIsVisible = 0;
			defaultConfigurationName = Release;
		};
/* End XCConfigurationList section */

/* Begin XCVersionGroup section */
		33E6F7D729C2EC27009013D2 /* String.xcdatamodeld */ = {
			isa = XCVersionGroup;
			children = (
				33E6F7D829C2EC27009013D2 /* String.xcdatamodel */,
			);
			currentVersion = 33E6F7D829C2EC27009013D2 /* String.xcdatamodel */;
			path = String.xcdatamodeld;
			sourceTree = "<group>";
			versionGroupType = wrapper.xcdatamodel;
		};
/* End XCVersionGroup section */
	};
	rootObject = 33E6F7C329C2EC26009013D2 /* Project object */;
}
