// !$*UTF8*$!
{
	archiveVersion = 1;
	classes = {
	};
	objectVersion = 55;
	objects = {

/* Begin PBXBuildFile section */
		035A550629DE71D800F71AF4 /* LocationBubbleView.swift in Sources */ = {isa = PBXBuildFile; fileRef = 035A550529DE71D800F71AF4 /* LocationBubbleView.swift */; };
		03786F0629DC0A1A00128CDC /* FileBubbleModel.swift in Sources */ = {isa = PBXBuildFile; fileRef = 03786F0529DC0A1A00128CDC /* FileBubbleModel.swift */; };
		03786F0829DC0A3900128CDC /* HQVoiceBubbleModel.swift in Sources */ = {isa = PBXBuildFile; fileRef = 03786F0729DC0A3900128CDC /* HQVoiceBubbleModel.swift */; };
		03786F0B29DC0AE600128CDC /* LocationBubbleModel.swift in Sources */ = {isa = PBXBuildFile; fileRef = 03786F0A29DC0AE600128CDC /* LocationBubbleModel.swift */; };
		03786F0E29DC0B8C00128CDC /* ContactCardBubbleModel.swift in Sources */ = {isa = PBXBuildFile; fileRef = 03786F0D29DC0B8C00128CDC /* ContactCardBubbleModel.swift */; };
		03786F1929DC0E2700128CDC /* PollBubbleModel.swift in Sources */ = {isa = PBXBuildFile; fileRef = 03786F1829DC0E2600128CDC /* PollBubbleModel.swift */; };
		03786F1C29DC0E5300128CDC /* MeetingBubbleModel.swift in Sources */ = {isa = PBXBuildFile; fileRef = 03786F1B29DC0E5300128CDC /* MeetingBubbleModel.swift */; };
		03786F1F29DC0E9E00128CDC /* OnlineDocumentBubbleModel.swift in Sources */ = {isa = PBXBuildFile; fileRef = 03786F1E29DC0E9E00128CDC /* OnlineDocumentBubbleModel.swift */; };
		03786F2229DC0EE900128CDC /* RobotBubbleModel.swift in Sources */ = {isa = PBXBuildFile; fileRef = 03786F2129DC0EE900128CDC /* RobotBubbleModel.swift */; };
		03786F2429DC1F9100128CDC /* StickerBubbleModel.swift in Sources */ = {isa = PBXBuildFile; fileRef = 03786F2329DC1F9100128CDC /* StickerBubbleModel.swift */; };
		03786F2729DC369600128CDC /* ReferenceBubbleModel.swift in Sources */ = {isa = PBXBuildFile; fileRef = 03786F2629DC369600128CDC /* ReferenceBubbleModel.swift */; };
		03786F2A29DC36D500128CDC /* RecallNotificationBubbleModel.swift in Sources */ = {isa = PBXBuildFile; fileRef = 03786F2929DC36D500128CDC /* RecallNotificationBubbleModel.swift */; };
		03786F2C29DC36DD00128CDC /* GroupNotificationBubbleModel.swift in Sources */ = {isa = PBXBuildFile; fileRef = 03786F2B29DC36DD00128CDC /* GroupNotificationBubbleModel.swift */; };
		03786F2E29DC36E500128CDC /* InfomationNotificationBubbleModel.swift in Sources */ = {isa = PBXBuildFile; fileRef = 03786F2D29DC36E500128CDC /* InfomationNotificationBubbleModel.swift */; };
		03786F3029DC36EF00128CDC /* CallMissBubbleModel.swift in Sources */ = {isa = PBXBuildFile; fileRef = 03786F2F29DC36EF00128CDC /* CallMissBubbleModel.swift */; };
		03786F3229DC370A00128CDC /* WhatsAppFileBubbleModel.swift in Sources */ = {isa = PBXBuildFile; fileRef = 03786F3129DC370A00128CDC /* WhatsAppFileBubbleModel.swift */; };
		03786F3429DC371300128CDC /* WhatsAppImageBubbleModel.swift in Sources */ = {isa = PBXBuildFile; fileRef = 03786F3329DC371300128CDC /* WhatsAppImageBubbleModel.swift */; };
		03786F3629DC371C00128CDC /* WhatsAppSightBubbleModel.swift in Sources */ = {isa = PBXBuildFile; fileRef = 03786F3529DC371C00128CDC /* WhatsAppSightBubbleModel.swift */; };
		03786F3829DC372500128CDC /* WhatsAppTextBubbleModel.swift in Sources */ = {isa = PBXBuildFile; fileRef = 03786F3729DC372500128CDC /* WhatsAppTextBubbleModel.swift */; };
		03786F3A29DC374000128CDC /* GroupAnnouncementBubbleModel.swift in Sources */ = {isa = PBXBuildFile; fileRef = 03786F3929DC374000128CDC /* GroupAnnouncementBubbleModel.swift */; };
		03786F3C29DC378000128CDC /* SecretChatScreenShotBubbleModel.swift in Sources */ = {isa = PBXBuildFile; fileRef = 03786F3B29DC378000128CDC /* SecretChatScreenShotBubbleModel.swift */; };
		03786F3E29DC37D900128CDC /* PinBubbleModel.swift in Sources */ = {isa = PBXBuildFile; fileRef = 03786F3D29DC37D900128CDC /* PinBubbleModel.swift */; };
		03786F4029DC380E00128CDC /* UnknownModel.swift in Sources */ = {isa = PBXBuildFile; fileRef = 03786F3F29DC380E00128CDC /* UnknownModel.swift */; };
		03786F4329DC383800128CDC /* SecretChatDescriptionBubbleModel.swift in Sources */ = {isa = PBXBuildFile; fileRef = 03786F4229DC383800128CDC /* SecretChatDescriptionBubbleModel.swift */; };
		03878E1729DFB7350064ADA2 /* FileInfoView.swift in Sources */ = {isa = PBXBuildFile; fileRef = 03878E1629DFB7350064ADA2 /* FileInfoView.swift */; };
		03878E1929DFC0EE0064ADA2 /* FileBubbleView.swift in Sources */ = {isa = PBXBuildFile; fileRef = 03878E1829DFC0EE0064ADA2 /* FileBubbleView.swift */; };
		03878E1C29DFF5720064ADA2 /* MediaBubbleModel.swift in Sources */ = {isa = PBXBuildFile; fileRef = 03878E1B29DFF5720064ADA2 /* MediaBubbleModel.swift */; };
		03878E1E29E004B80064ADA2 /* HQVoiceBubbleView.swift in Sources */ = {isa = PBXBuildFile; fileRef = 03878E1D29E004B80064ADA2 /* HQVoiceBubbleView.swift */; };
		03878E2029E00F320064ADA2 /* VoiceProgressView.swift in Sources */ = {isa = PBXBuildFile; fileRef = 03878E1F29E00F320064ADA2 /* VoiceProgressView.swift */; };
		03878E2229E02E700064ADA2 /* TipBubbleModel.swift in Sources */ = {isa = PBXBuildFile; fileRef = 03878E2129E02E700064ADA2 /* TipBubbleModel.swift */; };
		03878E2429E0320C0064ADA2 /* MessageListGlobalConfig.swift in Sources */ = {isa = PBXBuildFile; fileRef = 03878E2329E0320C0064ADA2 /* MessageListGlobalConfig.swift */; };
		03878E2629E3A58E0064ADA2 /* MeetingBubbleView.swift in Sources */ = {isa = PBXBuildFile; fileRef = 03878E2529E3A58E0064ADA2 /* MeetingBubbleView.swift */; };
		03878E2829E3DE270064ADA2 /* ThumbnailImageView.swift in Sources */ = {isa = PBXBuildFile; fileRef = 03878E2729E3DE270064ADA2 /* ThumbnailImageView.swift */; };
		03878E2A29E3DF680064ADA2 /* ImageBubbleView.swift in Sources */ = {isa = PBXBuildFile; fileRef = 03878E2929E3DF680064ADA2 /* ImageBubbleView.swift */; };
		03878E2C29E400080064ADA2 /* OnlineDocumentBubbleView.swift in Sources */ = {isa = PBXBuildFile; fileRef = 03878E2B29E400080064ADA2 /* OnlineDocumentBubbleView.swift */; };
		03878E3029E40E550064ADA2 /* PollBubbleView.swift in Sources */ = {isa = PBXBuildFile; fileRef = 03878E2F29E40E550064ADA2 /* PollBubbleView.swift */; };
		039C780929DEA7BA0041C9AE /* ContactCardBubbleView.swift in Sources */ = {isa = PBXBuildFile; fileRef = 039C780829DEA7BA0041C9AE /* ContactCardBubbleView.swift */; };
		330B089A29C446230088F9B0 /* MessageList.swift in Sources */ = {isa = PBXBuildFile; fileRef = 330B089929C446230088F9B0 /* MessageList.swift */; };
		330B08A729C46D240088F9B0 /* MessageListViewModel.swift in Sources */ = {isa = PBXBuildFile; fileRef = 330B08A629C46D240088F9B0 /* MessageListViewModel.swift */; };
		330B08AE29C4727D0088F9B0 /* MessageDataSource.swift in Sources */ = {isa = PBXBuildFile; fileRef = 330B08AD29C4727D0088F9B0 /* MessageDataSource.swift */; };
		330B08B129C493BA0088F9B0 /* MessageListCollectionViewLayout.swift in Sources */ = {isa = PBXBuildFile; fileRef = 330B08B029C493BA0088F9B0 /* MessageListCollectionViewLayout.swift */; };
		330B08B329C4961E0088F9B0 /* Mesasge.swift in Sources */ = {isa = PBXBuildFile; fileRef = 330B08B229C4961E0088F9B0 /* Mesasge.swift */; };
		330B08B529C4974B0088F9B0 /* BubbleConstant.swift in Sources */ = {isa = PBXBuildFile; fileRef = 330B08B429C4974B0088F9B0 /* BubbleConstant.swift */; };
		330B08BA29C4A2480088F9B0 /* MessageProtocol.swift in Sources */ = {isa = PBXBuildFile; fileRef = 330B08B929C4A2480088F9B0 /* MessageProtocol.swift */; };
		330B08BE29C4BBA80088F9B0 /* BubbleModel.swift in Sources */ = {isa = PBXBuildFile; fileRef = 330B08BD29C4BBA80088F9B0 /* BubbleModel.swift */; };
		330B08C029C59A350088F9B0 /* BubbleModelCache.swift in Sources */ = {isa = PBXBuildFile; fileRef = 330B08BF29C59A350088F9B0 /* BubbleModelCache.swift */; };
		330B08C229C5A2680088F9B0 /* RCGenerator.swift in Sources */ = {isa = PBXBuildFile; fileRef = 330B08C129C5A2680088F9B0 /* RCGenerator.swift */; };
		330B08D729C5AAA10088F9B0 /* MessageTipCell.swift in Sources */ = {isa = PBXBuildFile; fileRef = 330B08D129C5AAA10088F9B0 /* MessageTipCell.swift */; };
		330B08D929C5AAA10088F9B0 /* MessageUnknownCell.swift in Sources */ = {isa = PBXBuildFile; fileRef = 330B08D329C5AAA10088F9B0 /* MessageUnknownCell.swift */; };
		330B08DA29C5AAA10088F9B0 /* MessageBaseCell.swift in Sources */ = {isa = PBXBuildFile; fileRef = 330B08D429C5AAA10088F9B0 /* MessageBaseCell.swift */; };
		330B08DB29C5AAA10088F9B0 /* MessageUserCell.swift in Sources */ = {isa = PBXBuildFile; fileRef = 330B08D529C5AAA10088F9B0 /* MessageUserCell.swift */; };
		330B08F029C5AB6D0088F9B0 /* CheckBoxView.swift in Sources */ = {isa = PBXBuildFile; fileRef = 330B08E029C5AB6D0088F9B0 /* CheckBoxView.swift */; };
		330B08F129C5AB6D0088F9B0 /* MessageBaseView.swift in Sources */ = {isa = PBXBuildFile; fileRef = 330B08E129C5AB6D0088F9B0 /* MessageBaseView.swift */; };
		330B08F229C5AB6D0088F9B0 /* MessageDateView.swift in Sources */ = {isa = PBXBuildFile; fileRef = 330B08E229C5AB6D0088F9B0 /* MessageDateView.swift */; };
		330B08F329C5AB6D0088F9B0 /* BubbleTimeView.swift in Sources */ = {isa = PBXBuildFile; fileRef = 330B08E429C5AB6D0088F9B0 /* BubbleTimeView.swift */; };
		330B08F429C5AB6D0088F9B0 /* BubbleView.swift in Sources */ = {isa = PBXBuildFile; fileRef = 330B08E529C5AB6D0088F9B0 /* BubbleView.swift */; };
		330B08F529C5AB6D0088F9B0 /* ExBubbleView.swift in Sources */ = {isa = PBXBuildFile; fileRef = 330B08E629C5AB6D0088F9B0 /* ExBubbleView.swift */; };
		330B08F729C5AB6D0088F9B0 /* UserAvatarView.swift in Sources */ = {isa = PBXBuildFile; fileRef = 330B08E929C5AB6D0088F9B0 /* UserAvatarView.swift */; };
		330B08F829C5AB6D0088F9B0 /* MessageDetailView.swift in Sources */ = {isa = PBXBuildFile; fileRef = 330B08EA29C5AB6D0088F9B0 /* MessageDetailView.swift */; };
		330B08F929C5AB6D0088F9B0 /* MessageSentStatusView.swift in Sources */ = {isa = PBXBuildFile; fileRef = 330B08EB29C5AB6D0088F9B0 /* MessageSentStatusView.swift */; };
		330B08FA29C5AB6D0088F9B0 /* MessageReactionView.swift in Sources */ = {isa = PBXBuildFile; fileRef = 330B08EC29C5AB6D0088F9B0 /* MessageReactionView.swift */; };
		330B08FB29C5AB6D0088F9B0 /* UserNameView.swift in Sources */ = {isa = PBXBuildFile; fileRef = 330B08ED29C5AB6D0088F9B0 /* UserNameView.swift */; };
		330B08FE29C5E7FA0088F9B0 /* UIFont+Bubble.swift in Sources */ = {isa = PBXBuildFile; fileRef = 330B08FD29C5E7FA0088F9B0 /* UIFont+Bubble.swift */; };
		330B090029C5E8170088F9B0 /* UIColor+Bubble.swift in Sources */ = {isa = PBXBuildFile; fileRef = 330B08FF29C5E8170088F9B0 /* UIColor+Bubble.swift */; };
		330B090229C5F7B20088F9B0 /* Bundle+MessageList.swift in Sources */ = {isa = PBXBuildFile; fileRef = 330B090129C5F7B20088F9B0 /* Bundle+MessageList.swift */; };
		330B090629C5F9D70088F9B0 /* UIImage+MessageList.swift in Sources */ = {isa = PBXBuildFile; fileRef = 330B090529C5F9D70088F9B0 /* UIImage+MessageList.swift */; };
		330B090929C60CB10088F9B0 /* MessageUnreadLineView.swift in Sources */ = {isa = PBXBuildFile; fileRef = 330B090829C60CB10088F9B0 /* MessageUnreadLineView.swift */; };
		330B090D29C6229B0088F9B0 /* MessageCellRegister.swift in Sources */ = {isa = PBXBuildFile; fileRef = 330B090C29C6229B0088F9B0 /* MessageCellRegister.swift */; };
		3320930329DACB9600354488 /* MessageListCollectionView.swift in Sources */ = {isa = PBXBuildFile; fileRef = 3320930229DACB9600354488 /* MessageListCollectionView.swift */; };
		3324FE5F29DEC33F004D9C6D /* BubbleInfoProtocol.swift in Sources */ = {isa = PBXBuildFile; fileRef = 3324FE5E29DEC33F004D9C6D /* BubbleInfoProtocol.swift */; };
		3324FE6129E005BD004D9C6D /* BubbleImageProtocol.swift in Sources */ = {isa = PBXBuildFile; fileRef = 3324FE6029E005BD004D9C6D /* BubbleImageProtocol.swift */; };
		33CA1B6829D5A0A000D995AA /* ImageBubbleModel.swift in Sources */ = {isa = PBXBuildFile; fileRef = 33CA1B6729D5A0A000D995AA /* ImageBubbleModel.swift */; };
		33CA1B6A29D5A0AF00D995AA /* VideoBubbleModel.swift in Sources */ = {isa = PBXBuildFile; fileRef = 33CA1B6929D5A0AF00D995AA /* VideoBubbleModel.swift */; };
		33CA1B6C29D5A0C600D995AA /* GifBubbleModel.swift in Sources */ = {isa = PBXBuildFile; fileRef = 33CA1B6B29D5A0C600D995AA /* GifBubbleModel.swift */; };
		33E473F529CAAF91000C7512 /* RCExtraGenerator.swift in Sources */ = {isa = PBXBuildFile; fileRef = 33E473F429CAAF91000C7512 /* RCExtraGenerator.swift */; };
		33E473F929CD3078000C7512 /* TextBubbleModel.swift in Sources */ = {isa = PBXBuildFile; fileRef = 33E473F829CD3078000C7512 /* TextBubbleModel.swift */; };
		33E473FD29CE9FDF000C7512 /* BubbleAttributedTextUtil.swift in Sources */ = {isa = PBXBuildFile; fileRef = 33E473FC29CE9FDF000C7512 /* BubbleAttributedTextUtil.swift */; };
		33E4740029CEFC07000C7512 /* MessageAttributedTextView.swift in Sources */ = {isa = PBXBuildFile; fileRef = 33E473FF29CEFC07000C7512 /* MessageAttributedTextView.swift */; };
		33E6F7CF29C2EC27009013D2 /* AppDelegate.swift in Sources */ = {isa = PBXBuildFile; fileRef = 33E6F7CE29C2EC27009013D2 /* AppDelegate.swift */; };
		33E6F7D329C2EC27009013D2 /* ViewController.swift in Sources */ = {isa = PBXBuildFile; fileRef = 33E6F7D229C2EC27009013D2 /* ViewController.swift */; };
		33E6F7D929C2EC27009013D2 /* String.xcdatamodeld in Sources */ = {isa = PBXBuildFile; fileRef = 33E6F7D729C2EC27009013D2 /* String.xcdatamodeld */; };
		33E6F7DB29C2EC27009013D2 /* Assets.xcassets in Resources */ = {isa = PBXBuildFile; fileRef = 33E6F7DA29C2EC27009013D2 /* Assets.xcassets */; };
		33E6F7DE29C2EC27009013D2 /* LaunchScreen.storyboard in Resources */ = {isa = PBXBuildFile; fileRef = 33E6F7DC29C2EC27009013D2 /* LaunchScreen.storyboard */; };
		33E6F7E929C2EC27009013D2 /* StringTests.swift in Sources */ = {isa = PBXBuildFile; fileRef = 33E6F7E829C2EC27009013D2 /* StringTests.swift */; };
		33E6F7F329C2EC27009013D2 /* StringUITests.swift in Sources */ = {isa = PBXBuildFile; fileRef = 33E6F7F229C2EC27009013D2 /* StringUITests.swift */; };
		33E6F7F529C2EC27009013D2 /* StringUITestsLaunchTests.swift in Sources */ = {isa = PBXBuildFile; fileRef = 33E6F7F429C2EC27009013D2 /* StringUITestsLaunchTests.swift */; };
		33E6F80329C2F155009013D2 /* MessageListController.swift in Sources */ = {isa = PBXBuildFile; fileRef = 33E6F80229C2F155009013D2 /* MessageListController.swift */; };
		33E6F80629C32B19009013D2 /* MessageListProtocol.swift in Sources */ = {isa = PBXBuildFile; fileRef = 33E6F80529C32B19009013D2 /* MessageListProtocol.swift */; };
		D6D65465A5CE0F70C18CBFBD /* libPods-String-StringTests.a in Frameworks */ = {isa = PBXBuildFile; fileRef = 94B5DFDEACA50589C3A5E99E /* libPods-String-StringTests.a */; };
		DF36E6D38BDC200EC569C020 /* libPods-String.a in Frameworks */ = {isa = PBXBuildFile; fileRef = C1EF431A23055403A05DB810 /* libPods-String.a */; };
/* End PBXBuildFile section */

/* Begin PBXContainerItemProxy section */
		33E6F7E529C2EC27009013D2 /* PBXContainerItemProxy */ = {
			isa = PBXContainerItemProxy;
			containerPortal = 33E6F7C329C2EC26009013D2 /* Project object */;
			proxyType = 1;
			remoteGlobalIDString = 33E6F7CA29C2EC27009013D2;
			remoteInfo = String;
		};
		33E6F7EF29C2EC27009013D2 /* PBXContainerItemProxy */ = {
			isa = PBXContainerItemProxy;
			containerPortal = 33E6F7C329C2EC26009013D2 /* Project object */;
			proxyType = 1;
			remoteGlobalIDString = 33E6F7CA29C2EC27009013D2;
			remoteInfo = String;
		};
/* End PBXContainerItemProxy section */

/* Begin PBXFileReference section */
		035A550529DE71D800F71AF4 /* LocationBubbleView.swift */ = {isa = PBXFileReference; lastKnownFileType = sourcecode.swift; path = LocationBubbleView.swift; sourceTree = "<group>"; };
		03786F0529DC0A1A00128CDC /* FileBubbleModel.swift */ = {isa = PBXFileReference; lastKnownFileType = sourcecode.swift; path = FileBubbleModel.swift; sourceTree = "<group>"; };
		03786F0729DC0A3900128CDC /* HQVoiceBubbleModel.swift */ = {isa = PBXFileReference; lastKnownFileType = sourcecode.swift; path = HQVoiceBubbleModel.swift; sourceTree = "<group>"; };
		03786F0A29DC0AE600128CDC /* LocationBubbleModel.swift */ = {isa = PBXFileReference; lastKnownFileType = sourcecode.swift; path = LocationBubbleModel.swift; sourceTree = "<group>"; };
		03786F0D29DC0B8C00128CDC /* ContactCardBubbleModel.swift */ = {isa = PBXFileReference; lastKnownFileType = sourcecode.swift; path = ContactCardBubbleModel.swift; sourceTree = "<group>"; };
		03786F1829DC0E2600128CDC /* PollBubbleModel.swift */ = {isa = PBXFileReference; lastKnownFileType = sourcecode.swift; path = PollBubbleModel.swift; sourceTree = "<group>"; };
		03786F1B29DC0E5300128CDC /* MeetingBubbleModel.swift */ = {isa = PBXFileReference; lastKnownFileType = sourcecode.swift; path = MeetingBubbleModel.swift; sourceTree = "<group>"; };
		03786F1E29DC0E9E00128CDC /* OnlineDocumentBubbleModel.swift */ = {isa = PBXFileReference; lastKnownFileType = sourcecode.swift; path = OnlineDocumentBubbleModel.swift; sourceTree = "<group>"; };
		03786F2129DC0EE900128CDC /* RobotBubbleModel.swift */ = {isa = PBXFileReference; lastKnownFileType = sourcecode.swift; path = RobotBubbleModel.swift; sourceTree = "<group>"; };
		03786F2329DC1F9100128CDC /* StickerBubbleModel.swift */ = {isa = PBXFileReference; lastKnownFileType = sourcecode.swift; path = StickerBubbleModel.swift; sourceTree = "<group>"; };
		03786F2629DC369600128CDC /* ReferenceBubbleModel.swift */ = {isa = PBXFileReference; lastKnownFileType = sourcecode.swift; path = ReferenceBubbleModel.swift; sourceTree = "<group>"; };
		03786F2929DC36D500128CDC /* RecallNotificationBubbleModel.swift */ = {isa = PBXFileReference; lastKnownFileType = sourcecode.swift; path = RecallNotificationBubbleModel.swift; sourceTree = "<group>"; };
		03786F2B29DC36DD00128CDC /* GroupNotificationBubbleModel.swift */ = {isa = PBXFileReference; lastKnownFileType = sourcecode.swift; path = GroupNotificationBubbleModel.swift; sourceTree = "<group>"; };
		03786F2D29DC36E500128CDC /* InfomationNotificationBubbleModel.swift */ = {isa = PBXFileReference; lastKnownFileType = sourcecode.swift; path = InfomationNotificationBubbleModel.swift; sourceTree = "<group>"; };
		03786F2F29DC36EF00128CDC /* CallMissBubbleModel.swift */ = {isa = PBXFileReference; lastKnownFileType = sourcecode.swift; path = CallMissBubbleModel.swift; sourceTree = "<group>"; };
		03786F3129DC370A00128CDC /* WhatsAppFileBubbleModel.swift */ = {isa = PBXFileReference; lastKnownFileType = sourcecode.swift; path = WhatsAppFileBubbleModel.swift; sourceTree = "<group>"; };
		03786F3329DC371300128CDC /* WhatsAppImageBubbleModel.swift */ = {isa = PBXFileReference; lastKnownFileType = sourcecode.swift; path = WhatsAppImageBubbleModel.swift; sourceTree = "<group>"; };
		03786F3529DC371C00128CDC /* WhatsAppSightBubbleModel.swift */ = {isa = PBXFileReference; lastKnownFileType = sourcecode.swift; path = WhatsAppSightBubbleModel.swift; sourceTree = "<group>"; };
		03786F3729DC372500128CDC /* WhatsAppTextBubbleModel.swift */ = {isa = PBXFileReference; lastKnownFileType = sourcecode.swift; path = WhatsAppTextBubbleModel.swift; sourceTree = "<group>"; };
		03786F3929DC374000128CDC /* GroupAnnouncementBubbleModel.swift */ = {isa = PBXFileReference; lastKnownFileType = sourcecode.swift; path = GroupAnnouncementBubbleModel.swift; sourceTree = "<group>"; };
		03786F3B29DC378000128CDC /* SecretChatScreenShotBubbleModel.swift */ = {isa = PBXFileReference; lastKnownFileType = sourcecode.swift; path = SecretChatScreenShotBubbleModel.swift; sourceTree = "<group>"; };
		03786F3D29DC37D900128CDC /* PinBubbleModel.swift */ = {isa = PBXFileReference; lastKnownFileType = sourcecode.swift; path = PinBubbleModel.swift; sourceTree = "<group>"; };
		03786F3F29DC380E00128CDC /* UnknownModel.swift */ = {isa = PBXFileReference; lastKnownFileType = sourcecode.swift; path = UnknownModel.swift; sourceTree = "<group>"; };
		03786F4229DC383800128CDC /* SecretChatDescriptionBubbleModel.swift */ = {isa = PBXFileReference; lastKnownFileType = sourcecode.swift; path = SecretChatDescriptionBubbleModel.swift; sourceTree = "<group>"; };
		03878E1629DFB7350064ADA2 /* FileInfoView.swift */ = {isa = PBXFileReference; lastKnownFileType = sourcecode.swift; path = FileInfoView.swift; sourceTree = "<group>"; };
		03878E1829DFC0EE0064ADA2 /* FileBubbleView.swift */ = {isa = PBXFileReference; lastKnownFileType = sourcecode.swift; path = FileBubbleView.swift; sourceTree = "<group>"; };
		03878E1B29DFF5720064ADA2 /* MediaBubbleModel.swift */ = {isa = PBXFileReference; lastKnownFileType = sourcecode.swift; path = MediaBubbleModel.swift; sourceTree = "<group>"; };
		03878E1D29E004B80064ADA2 /* HQVoiceBubbleView.swift */ = {isa = PBXFileReference; lastKnownFileType = sourcecode.swift; path = HQVoiceBubbleView.swift; sourceTree = "<group>"; };
		03878E1F29E00F320064ADA2 /* VoiceProgressView.swift */ = {isa = PBXFileReference; lastKnownFileType = sourcecode.swift; path = VoiceProgressView.swift; sourceTree = "<group>"; };
		03878E2129E02E700064ADA2 /* TipBubbleModel.swift */ = {isa = PBXFileReference; lastKnownFileType = sourcecode.swift; path = TipBubbleModel.swift; sourceTree = "<group>"; };
		03878E2329E0320C0064ADA2 /* MessageListGlobalConfig.swift */ = {isa = PBXFileReference; lastKnownFileType = sourcecode.swift; path = MessageListGlobalConfig.swift; sourceTree = "<group>"; };
		03878E2529E3A58E0064ADA2 /* MeetingBubbleView.swift */ = {isa = PBXFileReference; lastKnownFileType = sourcecode.swift; path = MeetingBubbleView.swift; sourceTree = "<group>"; };
		03878E2729E3DE270064ADA2 /* ThumbnailImageView.swift */ = {isa = PBXFileReference; lastKnownFileType = sourcecode.swift; path = ThumbnailImageView.swift; sourceTree = "<group>"; };
		03878E2929E3DF680064ADA2 /* ImageBubbleView.swift */ = {isa = PBXFileReference; lastKnownFileType = sourcecode.swift; path = ImageBubbleView.swift; sourceTree = "<group>"; };
		03878E2B29E400080064ADA2 /* OnlineDocumentBubbleView.swift */ = {isa = PBXFileReference; lastKnownFileType = sourcecode.swift; path = OnlineDocumentBubbleView.swift; sourceTree = "<group>"; };
		03878E2F29E40E550064ADA2 /* PollBubbleView.swift */ = {isa = PBXFileReference; lastKnownFileType = sourcecode.swift; path = PollBubbleView.swift; sourceTree = "<group>"; };
		039C780829DEA7BA0041C9AE /* ContactCardBubbleView.swift */ = {isa = PBXFileReference; lastKnownFileType = sourcecode.swift; path = ContactCardBubbleView.swift; sourceTree = "<group>"; };
		330B089929C446230088F9B0 /* MessageList.swift */ = {isa = PBXFileReference; lastKnownFileType = sourcecode.swift; path = MessageList.swift; sourceTree = "<group>"; };
		330B08A629C46D240088F9B0 /* MessageListViewModel.swift */ = {isa = PBXFileReference; lastKnownFileType = sourcecode.swift; path = MessageListViewModel.swift; sourceTree = "<group>"; };
		330B08AD29C4727D0088F9B0 /* MessageDataSource.swift */ = {isa = PBXFileReference; lastKnownFileType = sourcecode.swift; path = MessageDataSource.swift; sourceTree = "<group>"; };
		330B08B029C493BA0088F9B0 /* MessageListCollectionViewLayout.swift */ = {isa = PBXFileReference; lastKnownFileType = sourcecode.swift; path = MessageListCollectionViewLayout.swift; sourceTree = "<group>"; };
		330B08B229C4961E0088F9B0 /* Mesasge.swift */ = {isa = PBXFileReference; lastKnownFileType = sourcecode.swift; path = Mesasge.swift; sourceTree = "<group>"; };
		330B08B429C4974B0088F9B0 /* BubbleConstant.swift */ = {isa = PBXFileReference; lastKnownFileType = sourcecode.swift; path = BubbleConstant.swift; sourceTree = "<group>"; };
		330B08B929C4A2480088F9B0 /* MessageProtocol.swift */ = {isa = PBXFileReference; lastKnownFileType = sourcecode.swift; path = MessageProtocol.swift; sourceTree = "<group>"; };
		330B08BD29C4BBA80088F9B0 /* BubbleModel.swift */ = {isa = PBXFileReference; lastKnownFileType = sourcecode.swift; path = BubbleModel.swift; sourceTree = "<group>"; };
		330B08BF29C59A350088F9B0 /* BubbleModelCache.swift */ = {isa = PBXFileReference; lastKnownFileType = sourcecode.swift; path = BubbleModelCache.swift; sourceTree = "<group>"; };
		330B08C129C5A2680088F9B0 /* RCGenerator.swift */ = {isa = PBXFileReference; lastKnownFileType = sourcecode.swift; path = RCGenerator.swift; sourceTree = "<group>"; };
		330B08D129C5AAA10088F9B0 /* MessageTipCell.swift */ = {isa = PBXFileReference; fileEncoding = 4; lastKnownFileType = sourcecode.swift; path = MessageTipCell.swift; sourceTree = "<group>"; };
		330B08D329C5AAA10088F9B0 /* MessageUnknownCell.swift */ = {isa = PBXFileReference; fileEncoding = 4; lastKnownFileType = sourcecode.swift; path = MessageUnknownCell.swift; sourceTree = "<group>"; };
		330B08D429C5AAA10088F9B0 /* MessageBaseCell.swift */ = {isa = PBXFileReference; fileEncoding = 4; lastKnownFileType = sourcecode.swift; path = MessageBaseCell.swift; sourceTree = "<group>"; };
		330B08D529C5AAA10088F9B0 /* MessageUserCell.swift */ = {isa = PBXFileReference; fileEncoding = 4; lastKnownFileType = sourcecode.swift; path = MessageUserCell.swift; sourceTree = "<group>"; };
		330B08E029C5AB6D0088F9B0 /* CheckBoxView.swift */ = {isa = PBXFileReference; fileEncoding = 4; lastKnownFileType = sourcecode.swift; path = CheckBoxView.swift; sourceTree = "<group>"; };
		330B08E129C5AB6D0088F9B0 /* MessageBaseView.swift */ = {isa = PBXFileReference; fileEncoding = 4; lastKnownFileType = sourcecode.swift; path = MessageBaseView.swift; sourceTree = "<group>"; };
		330B08E229C5AB6D0088F9B0 /* MessageDateView.swift */ = {isa = PBXFileReference; fileEncoding = 4; lastKnownFileType = sourcecode.swift; path = MessageDateView.swift; sourceTree = "<group>"; };
		330B08E429C5AB6D0088F9B0 /* BubbleTimeView.swift */ = {isa = PBXFileReference; fileEncoding = 4; lastKnownFileType = sourcecode.swift; path = BubbleTimeView.swift; sourceTree = "<group>"; };
		330B08E529C5AB6D0088F9B0 /* BubbleView.swift */ = {isa = PBXFileReference; fileEncoding = 4; lastKnownFileType = sourcecode.swift; path = BubbleView.swift; sourceTree = "<group>"; };
		330B08E629C5AB6D0088F9B0 /* ExBubbleView.swift */ = {isa = PBXFileReference; fileEncoding = 4; lastKnownFileType = sourcecode.swift; path = ExBubbleView.swift; sourceTree = "<group>"; };
		330B08E929C5AB6D0088F9B0 /* UserAvatarView.swift */ = {isa = PBXFileReference; fileEncoding = 4; lastKnownFileType = sourcecode.swift; path = UserAvatarView.swift; sourceTree = "<group>"; };
		330B08EA29C5AB6D0088F9B0 /* MessageDetailView.swift */ = {isa = PBXFileReference; fileEncoding = 4; lastKnownFileType = sourcecode.swift; path = MessageDetailView.swift; sourceTree = "<group>"; };
		330B08EB29C5AB6D0088F9B0 /* MessageSentStatusView.swift */ = {isa = PBXFileReference; fileEncoding = 4; lastKnownFileType = sourcecode.swift; path = MessageSentStatusView.swift; sourceTree = "<group>"; };
		330B08EC29C5AB6D0088F9B0 /* MessageReactionView.swift */ = {isa = PBXFileReference; fileEncoding = 4; lastKnownFileType = sourcecode.swift; path = MessageReactionView.swift; sourceTree = "<group>"; };
		330B08ED29C5AB6D0088F9B0 /* UserNameView.swift */ = {isa = PBXFileReference; fileEncoding = 4; lastKnownFileType = sourcecode.swift; path = UserNameView.swift; sourceTree = "<group>"; };
		330B08FD29C5E7FA0088F9B0 /* UIFont+Bubble.swift */ = {isa = PBXFileReference; lastKnownFileType = sourcecode.swift; path = "UIFont+Bubble.swift"; sourceTree = "<group>"; };
		330B08FF29C5E8170088F9B0 /* UIColor+Bubble.swift */ = {isa = PBXFileReference; lastKnownFileType = sourcecode.swift; path = "UIColor+Bubble.swift"; sourceTree = "<group>"; };
		330B090129C5F7B20088F9B0 /* Bundle+MessageList.swift */ = {isa = PBXFileReference; lastKnownFileType = sourcecode.swift; path = "Bundle+MessageList.swift"; sourceTree = "<group>"; };
		330B090529C5F9D70088F9B0 /* UIImage+MessageList.swift */ = {isa = PBXFileReference; lastKnownFileType = sourcecode.swift; path = "UIImage+MessageList.swift"; sourceTree = "<group>"; };
		330B090829C60CB10088F9B0 /* MessageUnreadLineView.swift */ = {isa = PBXFileReference; lastKnownFileType = sourcecode.swift; path = MessageUnreadLineView.swift; sourceTree = "<group>"; };
		330B090C29C6229B0088F9B0 /* MessageCellRegister.swift */ = {isa = PBXFileReference; lastKnownFileType = sourcecode.swift; path = MessageCellRegister.swift; sourceTree = "<group>"; };
		3320930229DACB9600354488 /* MessageListCollectionView.swift */ = {isa = PBXFileReference; lastKnownFileType = sourcecode.swift; path = MessageListCollectionView.swift; sourceTree = "<group>"; };
		3324FE5E29DEC33F004D9C6D /* BubbleInfoProtocol.swift */ = {isa = PBXFileReference; lastKnownFileType = sourcecode.swift; path = BubbleInfoProtocol.swift; sourceTree = "<group>"; };
		3324FE6029E005BD004D9C6D /* BubbleImageProtocol.swift */ = {isa = PBXFileReference; lastKnownFileType = sourcecode.swift; path = BubbleImageProtocol.swift; sourceTree = "<group>"; };
		33CA1B6729D5A0A000D995AA /* ImageBubbleModel.swift */ = {isa = PBXFileReference; lastKnownFileType = sourcecode.swift; path = ImageBubbleModel.swift; sourceTree = "<group>"; };
		33CA1B6929D5A0AF00D995AA /* VideoBubbleModel.swift */ = {isa = PBXFileReference; lastKnownFileType = sourcecode.swift; path = VideoBubbleModel.swift; sourceTree = "<group>"; };
		33CA1B6B29D5A0C600D995AA /* GifBubbleModel.swift */ = {isa = PBXFileReference; lastKnownFileType = sourcecode.swift; path = GifBubbleModel.swift; sourceTree = "<group>"; };
		33E473F429CAAF91000C7512 /* RCExtraGenerator.swift */ = {isa = PBXFileReference; lastKnownFileType = sourcecode.swift; path = RCExtraGenerator.swift; sourceTree = "<group>"; };
		33E473F829CD3078000C7512 /* TextBubbleModel.swift */ = {isa = PBXFileReference; lastKnownFileType = sourcecode.swift; path = TextBubbleModel.swift; sourceTree = "<group>"; };
		33E473FC29CE9FDF000C7512 /* BubbleAttributedTextUtil.swift */ = {isa = PBXFileReference; fileEncoding = 4; lastKnownFileType = sourcecode.swift; path = BubbleAttributedTextUtil.swift; sourceTree = "<group>"; };
		33E473FF29CEFC07000C7512 /* MessageAttributedTextView.swift */ = {isa = PBXFileReference; lastKnownFileType = sourcecode.swift; path = MessageAttributedTextView.swift; sourceTree = "<group>"; };
		33E6F7CB29C2EC27009013D2 /* String.app */ = {isa = PBXFileReference; explicitFileType = wrapper.application; includeInIndex = 0; path = String.app; sourceTree = BUILT_PRODUCTS_DIR; };
		33E6F7CE29C2EC27009013D2 /* AppDelegate.swift */ = {isa = PBXFileReference; lastKnownFileType = sourcecode.swift; path = AppDelegate.swift; sourceTree = "<group>"; };
		33E6F7D229C2EC27009013D2 /* ViewController.swift */ = {isa = PBXFileReference; lastKnownFileType = sourcecode.swift; path = ViewController.swift; sourceTree = "<group>"; };
		33E6F7D829C2EC27009013D2 /* String.xcdatamodel */ = {isa = PBXFileReference; lastKnownFileType = wrapper.xcdatamodel; path = String.xcdatamodel; sourceTree = "<group>"; };
		33E6F7DA29C2EC27009013D2 /* Assets.xcassets */ = {isa = PBXFileReference; lastKnownFileType = folder.assetcatalog; path = Assets.xcassets; sourceTree = "<group>"; };
		33E6F7DD29C2EC27009013D2 /* Base */ = {isa = PBXFileReference; lastKnownFileType = file.storyboard; name = Base; path = Base.lproj/LaunchScreen.storyboard; sourceTree = "<group>"; };
		33E6F7DF29C2EC27009013D2 /* Info.plist */ = {isa = PBXFileReference; lastKnownFileType = text.plist.xml; path = Info.plist; sourceTree = "<group>"; };
		33E6F7E429C2EC27009013D2 /* StringTests.xctest */ = {isa = PBXFileReference; explicitFileType = wrapper.cfbundle; includeInIndex = 0; path = StringTests.xctest; sourceTree = BUILT_PRODUCTS_DIR; };
		33E6F7E829C2EC27009013D2 /* StringTests.swift */ = {isa = PBXFileReference; lastKnownFileType = sourcecode.swift; path = StringTests.swift; sourceTree = "<group>"; };
		33E6F7EE29C2EC27009013D2 /* StringUITests.xctest */ = {isa = PBXFileReference; explicitFileType = wrapper.cfbundle; includeInIndex = 0; path = StringUITests.xctest; sourceTree = BUILT_PRODUCTS_DIR; };
		33E6F7F229C2EC27009013D2 /* StringUITests.swift */ = {isa = PBXFileReference; lastKnownFileType = sourcecode.swift; path = StringUITests.swift; sourceTree = "<group>"; };
		33E6F7F429C2EC27009013D2 /* StringUITestsLaunchTests.swift */ = {isa = PBXFileReference; lastKnownFileType = sourcecode.swift; path = StringUITestsLaunchTests.swift; sourceTree = "<group>"; };
		33E6F80229C2F155009013D2 /* MessageListController.swift */ = {isa = PBXFileReference; lastKnownFileType = sourcecode.swift; path = MessageListController.swift; sourceTree = "<group>"; };
		33E6F80529C32B19009013D2 /* MessageListProtocol.swift */ = {isa = PBXFileReference; lastKnownFileType = sourcecode.swift; path = MessageListProtocol.swift; sourceTree = "<group>"; };
		46821DF10A2CCF626E5A4DB4 /* Pods-String-StringTests.release.xcconfig */ = {isa = PBXFileReference; includeInIndex = 1; lastKnownFileType = text.xcconfig; name = "Pods-String-StringTests.release.xcconfig"; path = "Target Support Files/Pods-String-StringTests/Pods-String-StringTests.release.xcconfig"; sourceTree = "<group>"; };
		521344B83C70BF6CB86F9FF6 /* Pods-String-StringTests.debug.xcconfig */ = {isa = PBXFileReference; includeInIndex = 1; lastKnownFileType = text.xcconfig; name = "Pods-String-StringTests.debug.xcconfig"; path = "Target Support Files/Pods-String-StringTests/Pods-String-StringTests.debug.xcconfig"; sourceTree = "<group>"; };
		7F88B50CE1E0FDF2FC5A8969 /* Pods-String.debug.xcconfig */ = {isa = PBXFileReference; includeInIndex = 1; lastKnownFileType = text.xcconfig; name = "Pods-String.debug.xcconfig"; path = "Target Support Files/Pods-String/Pods-String.debug.xcconfig"; sourceTree = "<group>"; };
		82A262FB97011FC40F59A57A /* Pods-String.release.xcconfig */ = {isa = PBXFileReference; includeInIndex = 1; lastKnownFileType = text.xcconfig; name = "Pods-String.release.xcconfig"; path = "Target Support Files/Pods-String/Pods-String.release.xcconfig"; sourceTree = "<group>"; };
		94B5DFDEACA50589C3A5E99E /* libPods-String-StringTests.a */ = {isa = PBXFileReference; explicitFileType = archive.ar; includeInIndex = 0; path = "libPods-String-StringTests.a"; sourceTree = BUILT_PRODUCTS_DIR; };
		C1EF431A23055403A05DB810 /* libPods-String.a */ = {isa = PBXFileReference; explicitFileType = archive.ar; includeInIndex = 0; path = "libPods-String.a"; sourceTree = BUILT_PRODUCTS_DIR; };
/* End PBXFileReference section */

/* Begin PBXFrameworksBuildPhase section */
		33E6F7C829C2EC27009013D2 /* Frameworks */ = {
			isa = PBXFrameworksBuildPhase;
			buildActionMask = 2147483647;
			files = (
				DF36E6D38BDC200EC569C020 /* libPods-String.a in Frameworks */,
			);
			runOnlyForDeploymentPostprocessing = 0;
		};
		33E6F7E129C2EC27009013D2 /* Frameworks */ = {
			isa = PBXFrameworksBuildPhase;
			buildActionMask = 2147483647;
			files = (
				D6D65465A5CE0F70C18CBFBD /* libPods-String-StringTests.a in Frameworks */,
			);
			runOnlyForDeploymentPostprocessing = 0;
		};
		33E6F7EB29C2EC27009013D2 /* Frameworks */ = {
			isa = PBXFrameworksBuildPhase;
			buildActionMask = 2147483647;
			files = (
			);
			runOnlyForDeploymentPostprocessing = 0;
		};
/* End PBXFrameworksBuildPhase section */

/* Begin PBXGroup section */
		03786F0929DC0AC400128CDC /* LocationBubble */ = {
			isa = PBXGroup;
			children = (
				03786F0A29DC0AE600128CDC /* LocationBubbleModel.swift */,
				035A550529DE71D800F71AF4 /* LocationBubbleView.swift */,
			);
			path = LocationBubble;
			sourceTree = "<group>";
		};
		03786F0C29DC0B7800128CDC /* ContactCardBubble */ = {
			isa = PBXGroup;
			children = (
				03786F0D29DC0B8C00128CDC /* ContactCardBubbleModel.swift */,
				039C780829DEA7BA0041C9AE /* ContactCardBubbleView.swift */,
			);
			path = ContactCardBubble;
			sourceTree = "<group>";
		};
		03786F1729DC0E1A00128CDC /* PollBubble */ = {
			isa = PBXGroup;
			children = (
				03786F1829DC0E2600128CDC /* PollBubbleModel.swift */,
				03878E2F29E40E550064ADA2 /* PollBubbleView.swift */,
			);
			path = PollBubble;
			sourceTree = "<group>";
		};
		03786F1A29DC0E4600128CDC /* MeetingBubble */ = {
			isa = PBXGroup;
			children = (
				03786F1B29DC0E5300128CDC /* MeetingBubbleModel.swift */,
				03878E2529E3A58E0064ADA2 /* MeetingBubbleView.swift */,
			);
			path = MeetingBubble;
			sourceTree = "<group>";
		};
		03786F1D29DC0E8C00128CDC /* DocumentBubble */ = {
			isa = PBXGroup;
			children = (
				03786F1E29DC0E9E00128CDC /* OnlineDocumentBubbleModel.swift */,
				03878E2B29E400080064ADA2 /* OnlineDocumentBubbleView.swift */,
			);
			path = DocumentBubble;
			sourceTree = "<group>";
		};
		03786F2029DC0ED800128CDC /* RobotBubble */ = {
			isa = PBXGroup;
			children = (
				03786F2129DC0EE900128CDC /* RobotBubbleModel.swift */,
			);
			path = RobotBubble;
			sourceTree = "<group>";
		};
		03786F2529DC368F00128CDC /* ReferenceBubble */ = {
			isa = PBXGroup;
			children = (
				03786F2629DC369600128CDC /* ReferenceBubbleModel.swift */,
			);
			path = ReferenceBubble;
			sourceTree = "<group>";
		};
		03786F2829DC36CD00128CDC /* TipBubble */ = {
			isa = PBXGroup;
			children = (
				03786F2929DC36D500128CDC /* RecallNotificationBubbleModel.swift */,
				03786F2B29DC36DD00128CDC /* GroupNotificationBubbleModel.swift */,
				03786F2D29DC36E500128CDC /* InfomationNotificationBubbleModel.swift */,
				03786F2F29DC36EF00128CDC /* CallMissBubbleModel.swift */,
				03786F3929DC374000128CDC /* GroupAnnouncementBubbleModel.swift */,
				03786F3B29DC378000128CDC /* SecretChatScreenShotBubbleModel.swift */,
				03786F3D29DC37D900128CDC /* PinBubbleModel.swift */,
				03786F3F29DC380E00128CDC /* UnknownModel.swift */,
				03878E2129E02E700064ADA2 /* TipBubbleModel.swift */,
			);
			path = TipBubble;
			sourceTree = "<group>";
		};
		03786F4129DC383000128CDC /* CustomBubble */ = {
			isa = PBXGroup;
			children = (
				03786F4229DC383800128CDC /* SecretChatDescriptionBubbleModel.swift */,
			);
			path = CustomBubble;
			sourceTree = "<group>";
		};
		262C35CBB419651D6526F970 /* Pods */ = {
			isa = PBXGroup;
			children = (
				7F88B50CE1E0FDF2FC5A8969 /* Pods-String.debug.xcconfig */,
				82A262FB97011FC40F59A57A /* Pods-String.release.xcconfig */,
				521344B83C70BF6CB86F9FF6 /* Pods-String-StringTests.debug.xcconfig */,
				46821DF10A2CCF626E5A4DB4 /* Pods-String-StringTests.release.xcconfig */,
			);
			path = Pods;
			sourceTree = "<group>";
		};
		330B089829C446100088F9B0 /* Model */ = {
			isa = PBXGroup;
			children = (
				330B089929C446230088F9B0 /* MessageList.swift */,
				330B08B229C4961E0088F9B0 /* Mesasge.swift */,
			);
			path = Model;
			sourceTree = "<group>";
		};
		330B08A529C46D120088F9B0 /* ViewModel */ = {
			isa = PBXGroup;
			children = (
				330B08A629C46D240088F9B0 /* MessageListViewModel.swift */,
				330B090C29C6229B0088F9B0 /* MessageCellRegister.swift */,
			);
			path = ViewModel;
			sourceTree = "<group>";
		};
		330B08AC29C472660088F9B0 /* DataSource */ = {
			isa = PBXGroup;
			children = (
				330B08AD29C4727D0088F9B0 /* MessageDataSource.swift */,
				330B08BF29C59A350088F9B0 /* BubbleModelCache.swift */,
			);
			path = DataSource;
			sourceTree = "<group>";
		};
		330B08C329C5AA4F0088F9B0 /* MessageCell */ = {
			isa = PBXGroup;
			children = (
				330B08B429C4974B0088F9B0 /* BubbleConstant.swift */,
				330B08FD29C5E7FA0088F9B0 /* UIFont+Bubble.swift */,
				330B08FF29C5E8170088F9B0 /* UIColor+Bubble.swift */,
				330B08C429C5AA850088F9B0 /* MessageCell */,
				330B08E729C5AB6D0088F9B0 /* MessageContentView */,
			);
			path = MessageCell;
			sourceTree = "<group>";
		};
		330B08C429C5AA850088F9B0 /* MessageCell */ = {
			isa = PBXGroup;
			children = (
				330B08D429C5AAA10088F9B0 /* MessageBaseCell.swift */,
				330B08D329C5AAA10088F9B0 /* MessageUnknownCell.swift */,
				330B08D129C5AAA10088F9B0 /* MessageTipCell.swift */,
				330B08D529C5AAA10088F9B0 /* MessageUserCell.swift */,
			);
			path = MessageCell;
			sourceTree = "<group>";
		};
		330B08E729C5AB6D0088F9B0 /* MessageContentView */ = {
			isa = PBXGroup;
			children = (
				330B08E029C5AB6D0088F9B0 /* CheckBoxView.swift */,
				330B08E629C5AB6D0088F9B0 /* ExBubbleView.swift */,
				330B08E129C5AB6D0088F9B0 /* MessageBaseView.swift */,
				330B08EA29C5AB6D0088F9B0 /* MessageDetailView.swift */,
				330B08E229C5AB6D0088F9B0 /* MessageDateView.swift */,
				330B08EC29C5AB6D0088F9B0 /* MessageReactionView.swift */,
				330B08EB29C5AB6D0088F9B0 /* MessageSentStatusView.swift */,
				330B090829C60CB10088F9B0 /* MessageUnreadLineView.swift */,
				330B08E929C5AB6D0088F9B0 /* UserAvatarView.swift */,
				330B08ED29C5AB6D0088F9B0 /* UserNameView.swift */,
			);
			path = MessageContentView;
			sourceTree = "<group>";
		};
		330B090429C5F9A10088F9B0 /* Resource */ = {
			isa = PBXGroup;
			children = (
				330B090129C5F7B20088F9B0 /* Bundle+MessageList.swift */,
				330B090529C5F9D70088F9B0 /* UIImage+MessageList.swift */,
			);
			path = Resource;
			sourceTree = "<group>";
		};
		3378FB8929C83CF700B1293B /* Bubbles */ = {
			isa = PBXGroup;
			children = (
				03786F4129DC383000128CDC /* CustomBubble */,
				03786F2829DC36CD00128CDC /* TipBubble */,
				03786F2529DC368F00128CDC /* ReferenceBubble */,
				03786F2029DC0ED800128CDC /* RobotBubble */,
				03786F1D29DC0E8C00128CDC /* DocumentBubble */,
				03786F1A29DC0E4600128CDC /* MeetingBubble */,
				03786F1729DC0E1A00128CDC /* PollBubble */,
				03786F0C29DC0B7800128CDC /* ContactCardBubble */,
				03786F0929DC0AC400128CDC /* LocationBubble */,
				33CA1B6629D5A06E00D995AA /* MediaBubble */,
				3378FB8B29C83DAF00B1293B /* TextBubble */,
				3378FB8A29C83D5300B1293B /* BaseBubble */,
			);
			path = Bubbles;
			sourceTree = "<group>";
		};
		3378FB8A29C83D5300B1293B /* BaseBubble */ = {
			isa = PBXGroup;
			children = (
				3324FE5E29DEC33F004D9C6D /* BubbleInfoProtocol.swift */,
				3324FE6029E005BD004D9C6D /* BubbleImageProtocol.swift */,
				330B08BD29C4BBA80088F9B0 /* BubbleModel.swift */,
				330B08E429C5AB6D0088F9B0 /* BubbleTimeView.swift */,
				330B08E529C5AB6D0088F9B0 /* BubbleView.swift */,
			);
			path = BaseBubble;
			sourceTree = "<group>";
		};
		3378FB8B29C83DAF00B1293B /* TextBubble */ = {
			isa = PBXGroup;
			children = (
				03786F3729DC372500128CDC /* WhatsAppTextBubbleModel.swift */,
				33E473F829CD3078000C7512 /* TextBubbleModel.swift */,
			);
			path = TextBubble;
			sourceTree = "<group>";
		};
		3378FB8F29C8438900B1293B /* Util */ = {
			isa = PBXGroup;
			children = (
				33E473FC29CE9FDF000C7512 /* BubbleAttributedTextUtil.swift */,
				330B08C129C5A2680088F9B0 /* RCGenerator.swift */,
				33E473F429CAAF91000C7512 /* RCExtraGenerator.swift */,
				03878E2329E0320C0064ADA2 /* MessageListGlobalConfig.swift */,
			);
			path = Util;
			sourceTree = "<group>";
		};
		33CA1B6629D5A06E00D995AA /* MediaBubble */ = {
			isa = PBXGroup;
			children = (
				03878E1B29DFF5720064ADA2 /* MediaBubbleModel.swift */,
				33CA1B6729D5A0A000D995AA /* ImageBubbleModel.swift */,
				33CA1B6929D5A0AF00D995AA /* VideoBubbleModel.swift */,
				33CA1B6B29D5A0C600D995AA /* GifBubbleModel.swift */,
				03878E2929E3DF680064ADA2 /* ImageBubbleView.swift */,
				03786F0529DC0A1A00128CDC /* FileBubbleModel.swift */,
				03878E1829DFC0EE0064ADA2 /* FileBubbleView.swift */,
				03786F0729DC0A3900128CDC /* HQVoiceBubbleModel.swift */,
				03878E1D29E004B80064ADA2 /* HQVoiceBubbleView.swift */,
				03786F2329DC1F9100128CDC /* StickerBubbleModel.swift */,
				03786F3129DC370A00128CDC /* WhatsAppFileBubbleModel.swift */,
				03786F3329DC371300128CDC /* WhatsAppImageBubbleModel.swift */,
				03786F3529DC371C00128CDC /* WhatsAppSightBubbleModel.swift */,
			);
			path = MediaBubble;
			sourceTree = "<group>";
		};
		33E473FE29CEFBCA000C7512 /* CustomView */ = {
			isa = PBXGroup;
			children = (
				33E473FF29CEFC07000C7512 /* MessageAttributedTextView.swift */,
				03878E1629DFB7350064ADA2 /* FileInfoView.swift */,
				03878E1F29E00F320064ADA2 /* VoiceProgressView.swift */,
				03878E2729E3DE270064ADA2 /* ThumbnailImageView.swift */,
			);
			path = CustomView;
			sourceTree = "<group>";
		};
		33E6F7C229C2EC26009013D2 = {
			isa = PBXGroup;
			children = (
				33E6F80429C32AF0009013D2 /* Interface */,
				33E6F80129C2F103009013D2 /* MessageList */,
				3378FB8929C83CF700B1293B /* Bubbles */,
				33E473FE29CEFBCA000C7512 /* CustomView */,
				3378FB8F29C8438900B1293B /* Util */,
				330B090429C5F9A10088F9B0 /* Resource */,
				33E6F7CD29C2EC27009013D2 /* String */,
				33E6F7E729C2EC27009013D2 /* StringTests */,
				33E6F7F129C2EC27009013D2 /* StringUITests */,
				33E6F7CC29C2EC27009013D2 /* Products */,
				262C35CBB419651D6526F970 /* Pods */,
				5E5BABDA323AE3511E7D3DE6 /* Frameworks */,
			);
			sourceTree = "<group>";
		};
		33E6F7CC29C2EC27009013D2 /* Products */ = {
			isa = PBXGroup;
			children = (
				33E6F7CB29C2EC27009013D2 /* String.app */,
				33E6F7E429C2EC27009013D2 /* StringTests.xctest */,
				33E6F7EE29C2EC27009013D2 /* StringUITests.xctest */,
			);
			name = Products;
			sourceTree = "<group>";
		};
		33E6F7CD29C2EC27009013D2 /* String */ = {
			isa = PBXGroup;
			children = (
				33E6F7CE29C2EC27009013D2 /* AppDelegate.swift */,
				33E6F7D229C2EC27009013D2 /* ViewController.swift */,
				33E6F7DA29C2EC27009013D2 /* Assets.xcassets */,
				33E6F7DC29C2EC27009013D2 /* LaunchScreen.storyboard */,
				33E6F7DF29C2EC27009013D2 /* Info.plist */,
				33E6F7D729C2EC27009013D2 /* String.xcdatamodeld */,
			);
			path = String;
			sourceTree = "<group>";
		};
		33E6F7E729C2EC27009013D2 /* StringTests */ = {
			isa = PBXGroup;
			children = (
				33E6F7E829C2EC27009013D2 /* StringTests.swift */,
			);
			path = StringTests;
			sourceTree = "<group>";
		};
		33E6F7F129C2EC27009013D2 /* StringUITests */ = {
			isa = PBXGroup;
			children = (
				33E6F7F229C2EC27009013D2 /* StringUITests.swift */,
				33E6F7F429C2EC27009013D2 /* StringUITestsLaunchTests.swift */,
			);
			path = StringUITests;
			sourceTree = "<group>";
		};
		33E6F80129C2F103009013D2 /* MessageList */ = {
			isa = PBXGroup;
			children = (
				33E6F80229C2F155009013D2 /* MessageListController.swift */,
				3320930229DACB9600354488 /* MessageListCollectionView.swift */,
				330B08B029C493BA0088F9B0 /* MessageListCollectionViewLayout.swift */,
				330B08A529C46D120088F9B0 /* ViewModel */,
				330B08AC29C472660088F9B0 /* DataSource */,
				330B089829C446100088F9B0 /* Model */,
				330B08C329C5AA4F0088F9B0 /* MessageCell */,
			);
			path = MessageList;
			sourceTree = "<group>";
		};
		33E6F80429C32AF0009013D2 /* Interface */ = {
			isa = PBXGroup;
			children = (
				33E6F80529C32B19009013D2 /* MessageListProtocol.swift */,
				330B08B929C4A2480088F9B0 /* MessageProtocol.swift */,
			);
			path = Interface;
			sourceTree = "<group>";
		};
		5E5BABDA323AE3511E7D3DE6 /* Frameworks */ = {
			isa = PBXGroup;
			children = (
				C1EF431A23055403A05DB810 /* libPods-String.a */,
				94B5DFDEACA50589C3A5E99E /* libPods-String-StringTests.a */,
			);
			name = Frameworks;
			sourceTree = "<group>";
		};
/* End PBXGroup section */

/* Begin PBXNativeTarget section */
		33E6F7CA29C2EC27009013D2 /* String */ = {
			isa = PBXNativeTarget;
			buildConfigurationList = 33E6F7F829C2EC27009013D2 /* Build configuration list for PBXNativeTarget "String" */;
			buildPhases = (
				C4E048DE8C90179493F08521 /* [CP] Check Pods Manifest.lock */,
				33E6F7C729C2EC27009013D2 /* Sources */,
				33E6F7C829C2EC27009013D2 /* Frameworks */,
				33E6F7C929C2EC27009013D2 /* Resources */,
				8C3E521BB96000DCA7A97C95 /* [CP] Embed Pods Frameworks */,
				EFC60F4411054BBE891FD5EF /* [CP] Copy Pods Resources */,
			);
			buildRules = (
			);
			dependencies = (
			);
			name = String;
			productName = String;
			productReference = 33E6F7CB29C2EC27009013D2 /* String.app */;
			productType = "com.apple.product-type.application";
		};
		33E6F7E329C2EC27009013D2 /* StringTests */ = {
			isa = PBXNativeTarget;
			buildConfigurationList = 33E6F7FB29C2EC27009013D2 /* Build configuration list for PBXNativeTarget "StringTests" */;
			buildPhases = (
				B81DA14DAB6F682B078A4185 /* [CP] Check Pods Manifest.lock */,
				33E6F7E029C2EC27009013D2 /* Sources */,
				33E6F7E129C2EC27009013D2 /* Frameworks */,
				33E6F7E229C2EC27009013D2 /* Resources */,
				7CA8C94E5C1434FD5DA39A0D /* [CP] Embed Pods Frameworks */,
				4EAE528AE6E3D38A2D9F75DB /* [CP] Copy Pods Resources */,
			);
			buildRules = (
			);
			dependencies = (
				33E6F7E629C2EC27009013D2 /* PBXTargetDependency */,
			);
			name = StringTests;
			productName = StringTests;
			productReference = 33E6F7E429C2EC27009013D2 /* StringTests.xctest */;
			productType = "com.apple.product-type.bundle.unit-test";
		};
		33E6F7ED29C2EC27009013D2 /* StringUITests */ = {
			isa = PBXNativeTarget;
			buildConfigurationList = 33E6F7FE29C2EC27009013D2 /* Build configuration list for PBXNativeTarget "StringUITests" */;
			buildPhases = (
				33E6F7EA29C2EC27009013D2 /* Sources */,
				33E6F7EB29C2EC27009013D2 /* Frameworks */,
				33E6F7EC29C2EC27009013D2 /* Resources */,
			);
			buildRules = (
			);
			dependencies = (
				33E6F7F029C2EC27009013D2 /* PBXTargetDependency */,
			);
			name = StringUITests;
			productName = StringUITests;
			productReference = 33E6F7EE29C2EC27009013D2 /* StringUITests.xctest */;
			productType = "com.apple.product-type.bundle.ui-testing";
		};
/* End PBXNativeTarget section */

/* Begin PBXProject section */
		33E6F7C329C2EC26009013D2 /* Project object */ = {
			isa = PBXProject;
			attributes = {
				BuildIndependentTargetsInParallel = 1;
				LastSwiftUpdateCheck = 1420;
				LastUpgradeCheck = 1420;
				TargetAttributes = {
					33E6F7CA29C2EC27009013D2 = {
						CreatedOnToolsVersion = 14.2;
					};
					33E6F7E329C2EC27009013D2 = {
						CreatedOnToolsVersion = 14.2;
						TestTargetID = 33E6F7CA29C2EC27009013D2;
					};
					33E6F7ED29C2EC27009013D2 = {
						CreatedOnToolsVersion = 14.2;
						TestTargetID = 33E6F7CA29C2EC27009013D2;
					};
				};
			};
			buildConfigurationList = 33E6F7C629C2EC26009013D2 /* Build configuration list for PBXProject "String" */;
			compatibilityVersion = "Xcode 13.0";
			developmentRegion = en;
			hasScannedForEncodings = 0;
			knownRegions = (
				en,
				Base,
			);
			mainGroup = 33E6F7C229C2EC26009013D2;
			productRefGroup = 33E6F7CC29C2EC27009013D2 /* Products */;
			projectDirPath = "";
			projectRoot = "";
			targets = (
				33E6F7CA29C2EC27009013D2 /* String */,
				33E6F7E329C2EC27009013D2 /* StringTests */,
				33E6F7ED29C2EC27009013D2 /* StringUITests */,
			);
		};
/* End PBXProject section */

/* Begin PBXResourcesBuildPhase section */
		33E6F7C929C2EC27009013D2 /* Resources */ = {
			isa = PBXResourcesBuildPhase;
			buildActionMask = 2147483647;
			files = (
				33E6F7DE29C2EC27009013D2 /* LaunchScreen.storyboard in Resources */,
				33E6F7DB29C2EC27009013D2 /* Assets.xcassets in Resources */,
			);
			runOnlyForDeploymentPostprocessing = 0;
		};
		33E6F7E229C2EC27009013D2 /* Resources */ = {
			isa = PBXResourcesBuildPhase;
			buildActionMask = 2147483647;
			files = (
			);
			runOnlyForDeploymentPostprocessing = 0;
		};
		33E6F7EC29C2EC27009013D2 /* Resources */ = {
			isa = PBXResourcesBuildPhase;
			buildActionMask = 2147483647;
			files = (
			);
			runOnlyForDeploymentPostprocessing = 0;
		};
/* End PBXResourcesBuildPhase section */

/* Begin PBXShellScriptBuildPhase section */
		4EAE528AE6E3D38A2D9F75DB /* [CP] Copy Pods Resources */ = {
			isa = PBXShellScriptBuildPhase;
			buildActionMask = 2147483647;
			files = (
			);
			inputFileListPaths = (
				"${PODS_ROOT}/Target Support Files/Pods-String-StringTests/Pods-String-StringTests-resources-${CONFIGURATION}-input-files.xcfilelist",
			);
			name = "[CP] Copy Pods Resources";
			outputFileListPaths = (
				"${PODS_ROOT}/Target Support Files/Pods-String-StringTests/Pods-String-StringTests-resources-${CONFIGURATION}-output-files.xcfilelist",
			);
			runOnlyForDeploymentPostprocessing = 0;
			shellPath = /bin/sh;
			shellScript = "\"${PODS_ROOT}/Target Support Files/Pods-String-StringTests/Pods-String-StringTests-resources.sh\"\n";
			showEnvVarsInLog = 0;
		};
		7CA8C94E5C1434FD5DA39A0D /* [CP] Embed Pods Frameworks */ = {
			isa = PBXShellScriptBuildPhase;
			buildActionMask = 2147483647;
			files = (
			);
			inputFileListPaths = (
				"${PODS_ROOT}/Target Support Files/Pods-String-StringTests/Pods-String-StringTests-frameworks-${CONFIGURATION}-input-files.xcfilelist",
			);
			name = "[CP] Embed Pods Frameworks";
			outputFileListPaths = (
				"${PODS_ROOT}/Target Support Files/Pods-String-StringTests/Pods-String-StringTests-frameworks-${CONFIGURATION}-output-files.xcfilelist",
			);
			runOnlyForDeploymentPostprocessing = 0;
			shellPath = /bin/sh;
			shellScript = "\"${PODS_ROOT}/Target Support Files/Pods-String-StringTests/Pods-String-StringTests-frameworks.sh\"\n";
			showEnvVarsInLog = 0;
		};
		8C3E521BB96000DCA7A97C95 /* [CP] Embed Pods Frameworks */ = {
			isa = PBXShellScriptBuildPhase;
			buildActionMask = 2147483647;
			files = (
			);
			inputFileListPaths = (
				"${PODS_ROOT}/Target Support Files/Pods-String/Pods-String-frameworks-${CONFIGURATION}-input-files.xcfilelist",
			);
			name = "[CP] Embed Pods Frameworks";
			outputFileListPaths = (
				"${PODS_ROOT}/Target Support Files/Pods-String/Pods-String-frameworks-${CONFIGURATION}-output-files.xcfilelist",
			);
			runOnlyForDeploymentPostprocessing = 0;
			shellPath = /bin/sh;
			shellScript = "\"${PODS_ROOT}/Target Support Files/Pods-String/Pods-String-frameworks.sh\"\n";
			showEnvVarsInLog = 0;
		};
		B81DA14DAB6F682B078A4185 /* [CP] Check Pods Manifest.lock */ = {
			isa = PBXShellScriptBuildPhase;
			buildActionMask = 2147483647;
			files = (
			);
			inputFileListPaths = (
			);
			inputPaths = (
				"${PODS_PODFILE_DIR_PATH}/Podfile.lock",
				"${PODS_ROOT}/Manifest.lock",
			);
			name = "[CP] Check Pods Manifest.lock";
			outputFileListPaths = (
			);
			outputPaths = (
				"$(DERIVED_FILE_DIR)/Pods-String-StringTests-checkManifestLockResult.txt",
			);
			runOnlyForDeploymentPostprocessing = 0;
			shellPath = /bin/sh;
			shellScript = "diff \"${PODS_PODFILE_DIR_PATH}/Podfile.lock\" \"${PODS_ROOT}/Manifest.lock\" > /dev/null\nif [ $? != 0 ] ; then\n    # print error to STDERR\n    echo \"error: The sandbox is not in sync with the Podfile.lock. Run 'pod install' or update your CocoaPods installation.\" >&2\n    exit 1\nfi\n# This output is used by Xcode 'outputs' to avoid re-running this script phase.\necho \"SUCCESS\" > \"${SCRIPT_OUTPUT_FILE_0}\"\n";
			showEnvVarsInLog = 0;
		};
		C4E048DE8C90179493F08521 /* [CP] Check Pods Manifest.lock */ = {
			isa = PBXShellScriptBuildPhase;
			buildActionMask = 2147483647;
			files = (
			);
			inputFileListPaths = (
			);
			inputPaths = (
				"${PODS_PODFILE_DIR_PATH}/Podfile.lock",
				"${PODS_ROOT}/Manifest.lock",
			);
			name = "[CP] Check Pods Manifest.lock";
			outputFileListPaths = (
			);
			outputPaths = (
				"$(DERIVED_FILE_DIR)/Pods-String-checkManifestLockResult.txt",
			);
			runOnlyForDeploymentPostprocessing = 0;
			shellPath = /bin/sh;
			shellScript = "diff \"${PODS_PODFILE_DIR_PATH}/Podfile.lock\" \"${PODS_ROOT}/Manifest.lock\" > /dev/null\nif [ $? != 0 ] ; then\n    # print error to STDERR\n    echo \"error: The sandbox is not in sync with the Podfile.lock. Run 'pod install' or update your CocoaPods installation.\" >&2\n    exit 1\nfi\n# This output is used by Xcode 'outputs' to avoid re-running this script phase.\necho \"SUCCESS\" > \"${SCRIPT_OUTPUT_FILE_0}\"\n";
			showEnvVarsInLog = 0;
		};
		EFC60F4411054BBE891FD5EF /* [CP] Copy Pods Resources */ = {
			isa = PBXShellScriptBuildPhase;
			buildActionMask = 2147483647;
			files = (
			);
			inputFileListPaths = (
				"${PODS_ROOT}/Target Support Files/Pods-String/Pods-String-resources-${CONFIGURATION}-input-files.xcfilelist",
			);
			name = "[CP] Copy Pods Resources";
			outputFileListPaths = (
				"${PODS_ROOT}/Target Support Files/Pods-String/Pods-String-resources-${CONFIGURATION}-output-files.xcfilelist",
			);
			runOnlyForDeploymentPostprocessing = 0;
			shellPath = /bin/sh;
			shellScript = "\"${PODS_ROOT}/Target Support Files/Pods-String/Pods-String-resources.sh\"\n";
			showEnvVarsInLog = 0;
		};
/* End PBXShellScriptBuildPhase section */

/* Begin PBXSourcesBuildPhase section */
		33E6F7C729C2EC27009013D2 /* Sources */ = {
			isa = PBXSourcesBuildPhase;
			buildActionMask = 2147483647;
			files = (
				03786F0829DC0A3900128CDC /* HQVoiceBubbleModel.swift in Sources */,
				330B090929C60CB10088F9B0 /* MessageUnreadLineView.swift in Sources */,
				330B08F329C5AB6D0088F9B0 /* BubbleTimeView.swift in Sources */,
				33E473F929CD3078000C7512 /* TextBubbleModel.swift in Sources */,
				03878E1E29E004B80064ADA2 /* HQVoiceBubbleView.swift in Sources */,
				330B08FA29C5AB6D0088F9B0 /* MessageReactionView.swift in Sources */,
				03786F3A29DC374000128CDC /* GroupAnnouncementBubbleModel.swift in Sources */,
				33E6F7D329C2EC27009013D2 /* ViewController.swift in Sources */,
				33E6F7CF29C2EC27009013D2 /* AppDelegate.swift in Sources */,
				330B08F729C5AB6D0088F9B0 /* UserAvatarView.swift in Sources */,
				33E6F7D929C2EC27009013D2 /* String.xcdatamodeld in Sources */,
				330B08F529C5AB6D0088F9B0 /* ExBubbleView.swift in Sources */,
				03786F2A29DC36D500128CDC /* RecallNotificationBubbleModel.swift in Sources */,
				330B08F229C5AB6D0088F9B0 /* MessageDateView.swift in Sources */,
				330B08AE29C4727D0088F9B0 /* MessageDataSource.swift in Sources */,
				03878E2429E0320C0064ADA2 /* MessageListGlobalConfig.swift in Sources */,
				03786F1F29DC0E9E00128CDC /* OnlineDocumentBubbleModel.swift in Sources */,
				330B090D29C6229B0088F9B0 /* MessageCellRegister.swift in Sources */,
				039C780929DEA7BA0041C9AE /* ContactCardBubbleView.swift in Sources */,
				03786F0B29DC0AE600128CDC /* LocationBubbleModel.swift in Sources */,
				03786F0629DC0A1A00128CDC /* FileBubbleModel.swift in Sources */,
				33E6F80629C32B19009013D2 /* MessageListProtocol.swift in Sources */,
				03878E2C29E400080064ADA2 /* OnlineDocumentBubbleView.swift in Sources */,
				330B08BA29C4A2480088F9B0 /* MessageProtocol.swift in Sources */,
				03786F3C29DC378000128CDC /* SecretChatScreenShotBubbleModel.swift in Sources */,
				330B08C229C5A2680088F9B0 /* RCGenerator.swift in Sources */,
				330B090229C5F7B20088F9B0 /* Bundle+MessageList.swift in Sources */,
				330B08FE29C5E7FA0088F9B0 /* UIFont+Bubble.swift in Sources */,
				03878E1729DFB7350064ADA2 /* FileInfoView.swift in Sources */,
				03878E2029E00F320064ADA2 /* VoiceProgressView.swift in Sources */,
				330B090629C5F9D70088F9B0 /* UIImage+MessageList.swift in Sources */,
				03786F2229DC0EE900128CDC /* RobotBubbleModel.swift in Sources */,
				330B08C029C59A350088F9B0 /* BubbleModelCache.swift in Sources */,
				330B08BE29C4BBA80088F9B0 /* BubbleModel.swift in Sources */,
				03786F3829DC372500128CDC /* WhatsAppTextBubbleModel.swift in Sources */,
				03878E2629E3A58E0064ADA2 /* MeetingBubbleView.swift in Sources */,
				33CA1B6829D5A0A000D995AA /* ImageBubbleModel.swift in Sources */,
				33CA1B6C29D5A0C600D995AA /* GifBubbleModel.swift in Sources */,
				03878E1929DFC0EE0064ADA2 /* FileBubbleView.swift in Sources */,
				03878E2229E02E700064ADA2 /* TipBubbleModel.swift in Sources */,
				03786F4029DC380E00128CDC /* UnknownModel.swift in Sources */,
				03786F3629DC371C00128CDC /* WhatsAppSightBubbleModel.swift in Sources */,
				03786F1929DC0E2700128CDC /* PollBubbleModel.swift in Sources */,
				035A550629DE71D800F71AF4 /* LocationBubbleView.swift in Sources */,
				330B08B129C493BA0088F9B0 /* MessageListCollectionViewLayout.swift in Sources */,
				03786F3E29DC37D900128CDC /* PinBubbleModel.swift in Sources */,
				33E6F80329C2F155009013D2 /* MessageListController.swift in Sources */,
				330B08DB29C5AAA10088F9B0 /* MessageUserCell.swift in Sources */,
				33E4740029CEFC07000C7512 /* MessageAttributedTextView.swift in Sources */,
				33CA1B6A29D5A0AF00D995AA /* VideoBubbleModel.swift in Sources */,
				3324FE5F29DEC33F004D9C6D /* BubbleInfoProtocol.swift in Sources */,
				330B090029C5E8170088F9B0 /* UIColor+Bubble.swift in Sources */,
				03786F2429DC1F9100128CDC /* StickerBubbleModel.swift in Sources */,
				330B08F929C5AB6D0088F9B0 /* MessageSentStatusView.swift in Sources */,
				330B08F029C5AB6D0088F9B0 /* CheckBoxView.swift in Sources */,
				3320930329DACB9600354488 /* MessageListCollectionView.swift in Sources */,
				330B08D929C5AAA10088F9B0 /* MessageUnknownCell.swift in Sources */,
				03786F1C29DC0E5300128CDC /* MeetingBubbleModel.swift in Sources */,
				33E473F529CAAF91000C7512 /* RCExtraGenerator.swift in Sources */,
				03786F3029DC36EF00128CDC /* CallMissBubbleModel.swift in Sources */,
				330B089A29C446230088F9B0 /* MessageList.swift in Sources */,
				03878E1C29DFF5720064ADA2 /* MediaBubbleModel.swift in Sources */,
				330B08DA29C5AAA10088F9B0 /* MessageBaseCell.swift in Sources */,
				330B08F129C5AB6D0088F9B0 /* MessageBaseView.swift in Sources */,
				330B08A729C46D240088F9B0 /* MessageListViewModel.swift in Sources */,
				330B08B329C4961E0088F9B0 /* Mesasge.swift in Sources */,
				330B08B529C4974B0088F9B0 /* BubbleConstant.swift in Sources */,
				330B08FB29C5AB6D0088F9B0 /* UserNameView.swift in Sources */,
				03878E3029E40E550064ADA2 /* PollBubbleView.swift in Sources */,
				03786F3429DC371300128CDC /* WhatsAppImageBubbleModel.swift in Sources */,
				33E473FD29CE9FDF000C7512 /* BubbleAttributedTextUtil.swift in Sources */,
				330B08D729C5AAA10088F9B0 /* MessageTipCell.swift in Sources */,
				03786F2E29DC36E500128CDC /* InfomationNotificationBubbleModel.swift in Sources */,
				03878E2A29E3DF680064ADA2 /* ImageBubbleView.swift in Sources */,
				330B08F429C5AB6D0088F9B0 /* BubbleView.swift in Sources */,
				03786F3229DC370A00128CDC /* WhatsAppFileBubbleModel.swift in Sources */,
				03786F2C29DC36DD00128CDC /* GroupNotificationBubbleModel.swift in Sources */,
				03786F2729DC369600128CDC /* ReferenceBubbleModel.swift in Sources */,
				03786F0E29DC0B8C00128CDC /* ContactCardBubbleModel.swift in Sources */,
				3324FE6129E005BD004D9C6D /* BubbleImageProtocol.swift in Sources */,
				03878E2829E3DE270064ADA2 /* ThumbnailImageView.swift in Sources */,
				03786F4329DC383800128CDC /* SecretChatDescriptionBubbleModel.swift in Sources */,
				330B08F829C5AB6D0088F9B0 /* MessageDetailView.swift in Sources */,
			);
			runOnlyForDeploymentPostprocessing = 0;
		};
		33E6F7E029C2EC27009013D2 /* Sources */ = {
			isa = PBXSourcesBuildPhase;
			buildActionMask = 2147483647;
			files = (
				33E6F7E929C2EC27009013D2 /* StringTests.swift in Sources */,
			);
			runOnlyForDeploymentPostprocessing = 0;
		};
		33E6F7EA29C2EC27009013D2 /* Sources */ = {
			isa = PBXSourcesBuildPhase;
			buildActionMask = 2147483647;
			files = (
				33E6F7F329C2EC27009013D2 /* StringUITests.swift in Sources */,
				33E6F7F529C2EC27009013D2 /* StringUITestsLaunchTests.swift in Sources */,
			);
			runOnlyForDeploymentPostprocessing = 0;
		};
/* End PBXSourcesBuildPhase section */

/* Begin PBXTargetDependency section */
		33E6F7E629C2EC27009013D2 /* PBXTargetDependency */ = {
			isa = PBXTargetDependency;
			target = 33E6F7CA29C2EC27009013D2 /* String */;
			targetProxy = 33E6F7E529C2EC27009013D2 /* PBXContainerItemProxy */;
		};
		33E6F7F029C2EC27009013D2 /* PBXTargetDependency */ = {
			isa = PBXTargetDependency;
			target = 33E6F7CA29C2EC27009013D2 /* String */;
			targetProxy = 33E6F7EF29C2EC27009013D2 /* PBXContainerItemProxy */;
		};
/* End PBXTargetDependency section */

/* Begin PBXVariantGroup section */
		33E6F7DC29C2EC27009013D2 /* LaunchScreen.storyboard */ = {
			isa = PBXVariantGroup;
			children = (
				33E6F7DD29C2EC27009013D2 /* Base */,
			);
			name = LaunchScreen.storyboard;
			sourceTree = "<group>";
		};
/* End PBXVariantGroup section */

/* Begin XCBuildConfiguration section */
		33E6F7F629C2EC27009013D2 /* Debug */ = {
			isa = XCBuildConfiguration;
			buildSettings = {
				ALWAYS_SEARCH_USER_PATHS = NO;
				CLANG_ANALYZER_NONNULL = YES;
				CLANG_ANALYZER_NUMBER_OBJECT_CONVERSION = YES_AGGRESSIVE;
				CLANG_CXX_LANGUAGE_STANDARD = "gnu++20";
				CLANG_ENABLE_MODULES = YES;
				CLANG_ENABLE_OBJC_ARC = YES;
				CLANG_ENABLE_OBJC_WEAK = YES;
				CLANG_WARN_BLOCK_CAPTURE_AUTORELEASING = YES;
				CLANG_WARN_BOOL_CONVERSION = YES;
				CLANG_WARN_COMMA = YES;
				CLANG_WARN_CONSTANT_CONVERSION = YES;
				CLANG_WARN_DEPRECATED_OBJC_IMPLEMENTATIONS = YES;
				CLANG_WARN_DIRECT_OBJC_ISA_USAGE = YES_ERROR;
				CLANG_WARN_DOCUMENTATION_COMMENTS = YES;
				CLANG_WARN_EMPTY_BODY = YES;
				CLANG_WARN_ENUM_CONVERSION = YES;
				CLANG_WARN_INFINITE_RECURSION = YES;
				CLANG_WARN_INT_CONVERSION = YES;
				CLANG_WARN_NON_LITERAL_NULL_CONVERSION = YES;
				CLANG_WARN_OBJC_IMPLICIT_RETAIN_SELF = YES;
				CLANG_WARN_OBJC_LITERAL_CONVERSION = YES;
				CLANG_WARN_OBJC_ROOT_CLASS = YES_ERROR;
				CLANG_WARN_QUOTED_INCLUDE_IN_FRAMEWORK_HEADER = YES;
				CLANG_WARN_RANGE_LOOP_ANALYSIS = YES;
				CLANG_WARN_STRICT_PROTOTYPES = YES;
				CLANG_WARN_SUSPICIOUS_MOVE = YES;
				CLANG_WARN_UNGUARDED_AVAILABILITY = YES_AGGRESSIVE;
				CLANG_WARN_UNREACHABLE_CODE = YES;
				CLANG_WARN__DUPLICATE_METHOD_MATCH = YES;
				COPY_PHASE_STRIP = NO;
				DEBUG_INFORMATION_FORMAT = dwarf;
				ENABLE_STRICT_OBJC_MSGSEND = YES;
				ENABLE_TESTABILITY = YES;
				GCC_C_LANGUAGE_STANDARD = gnu11;
				GCC_DYNAMIC_NO_PIC = NO;
				GCC_NO_COMMON_BLOCKS = YES;
				GCC_OPTIMIZATION_LEVEL = 0;
				GCC_PREPROCESSOR_DEFINITIONS = (
					"DEBUG=1",
					"$(inherited)",
				);
				GCC_WARN_64_TO_32_BIT_CONVERSION = YES;
				GCC_WARN_ABOUT_RETURN_TYPE = YES_ERROR;
				GCC_WARN_UNDECLARED_SELECTOR = YES;
				GCC_WARN_UNINITIALIZED_AUTOS = YES_AGGRESSIVE;
				GCC_WARN_UNUSED_FUNCTION = YES;
				GCC_WARN_UNUSED_VARIABLE = YES;
				IPHONEOS_DEPLOYMENT_TARGET = 16.2;
				MTL_ENABLE_DEBUG_INFO = INCLUDE_SOURCE;
				MTL_FAST_MATH = YES;
				ONLY_ACTIVE_ARCH = YES;
				SDKROOT = iphoneos;
				SWIFT_ACTIVE_COMPILATION_CONDITIONS = DEBUG;
				SWIFT_OPTIMIZATION_LEVEL = "-Onone";
			};
			name = Debug;
		};
		33E6F7F729C2EC27009013D2 /* Release */ = {
			isa = XCBuildConfiguration;
			buildSettings = {
				ALWAYS_SEARCH_USER_PATHS = NO;
				CLANG_ANALYZER_NONNULL = YES;
				CLANG_ANALYZER_NUMBER_OBJECT_CONVERSION = YES_AGGRESSIVE;
				CLANG_CXX_LANGUAGE_STANDARD = "gnu++20";
				CLANG_ENABLE_MODULES = YES;
				CLANG_ENABLE_OBJC_ARC = YES;
				CLANG_ENABLE_OBJC_WEAK = YES;
				CLANG_WARN_BLOCK_CAPTURE_AUTORELEASING = YES;
				CLANG_WARN_BOOL_CONVERSION = YES;
				CLANG_WARN_COMMA = YES;
				CLANG_WARN_CONSTANT_CONVERSION = YES;
				CLANG_WARN_DEPRECATED_OBJC_IMPLEMENTATIONS = YES;
				CLANG_WARN_DIRECT_OBJC_ISA_USAGE = YES_ERROR;
				CLANG_WARN_DOCUMENTATION_COMMENTS = YES;
				CLANG_WARN_EMPTY_BODY = YES;
				CLANG_WARN_ENUM_CONVERSION = YES;
				CLANG_WARN_INFINITE_RECURSION = YES;
				CLANG_WARN_INT_CONVERSION = YES;
				CLANG_WARN_NON_LITERAL_NULL_CONVERSION = YES;
				CLANG_WARN_OBJC_IMPLICIT_RETAIN_SELF = YES;
				CLANG_WARN_OBJC_LITERAL_CONVERSION = YES;
				CLANG_WARN_OBJC_ROOT_CLASS = YES_ERROR;
				CLANG_WARN_QUOTED_INCLUDE_IN_FRAMEWORK_HEADER = YES;
				CLANG_WARN_RANGE_LOOP_ANALYSIS = YES;
				CLANG_WARN_STRICT_PROTOTYPES = YES;
				CLANG_WARN_SUSPICIOUS_MOVE = YES;
				CLANG_WARN_UNGUARDED_AVAILABILITY = YES_AGGRESSIVE;
				CLANG_WARN_UNREACHABLE_CODE = YES;
				CLANG_WARN__DUPLICATE_METHOD_MATCH = YES;
				COPY_PHASE_STRIP = NO;
				DEBUG_INFORMATION_FORMAT = "dwarf-with-dsym";
				ENABLE_NS_ASSERTIONS = NO;
				ENABLE_STRICT_OBJC_MSGSEND = YES;
				GCC_C_LANGUAGE_STANDARD = gnu11;
				GCC_NO_COMMON_BLOCKS = YES;
				GCC_WARN_64_TO_32_BIT_CONVERSION = YES;
				GCC_WARN_ABOUT_RETURN_TYPE = YES_ERROR;
				GCC_WARN_UNDECLARED_SELECTOR = YES;
				GCC_WARN_UNINITIALIZED_AUTOS = YES_AGGRESSIVE;
				GCC_WARN_UNUSED_FUNCTION = YES;
				GCC_WARN_UNUSED_VARIABLE = YES;
				IPHONEOS_DEPLOYMENT_TARGET = 16.2;
				MTL_ENABLE_DEBUG_INFO = NO;
				MTL_FAST_MATH = YES;
				SDKROOT = iphoneos;
				SWIFT_COMPILATION_MODE = wholemodule;
				SWIFT_OPTIMIZATION_LEVEL = "-O";
				VALIDATE_PRODUCT = YES;
			};
			name = Release;
		};
		33E6F7F929C2EC27009013D2 /* Debug */ = {
			isa = XCBuildConfiguration;
			baseConfigurationReference = 7F88B50CE1E0FDF2FC5A8969 /* Pods-String.debug.xcconfig */;
			buildSettings = {
				ASSETCATALOG_COMPILER_APPICON_NAME = AppIcon;
				ASSETCATALOG_COMPILER_GLOBAL_ACCENT_COLOR_NAME = AccentColor;
				CODE_SIGN_IDENTITY = "Apple Development";
				CODE_SIGN_STYLE = Automatic;
				CURRENT_PROJECT_VERSION = 1;
				DEVELOPMENT_TEAM = SY3GWUA4VL;
				GENERATE_INFOPLIST_FILE = YES;
				INFOPLIST_FILE = String/Info.plist;
				INFOPLIST_KEY_LSApplicationCategoryType = "public.app-category.lifestyle";
				INFOPLIST_KEY_UIApplicationSupportsIndirectInputEvents = YES;
				INFOPLIST_KEY_UILaunchStoryboardName = LaunchScreen;
				INFOPLIST_KEY_UISupportedInterfaceOrientations_iPad = "UIInterfaceOrientationPortrait UIInterfaceOrientationPortraitUpsideDown UIInterfaceOrientationLandscapeLeft UIInterfaceOrientationLandscapeRight";
				INFOPLIST_KEY_UISupportedInterfaceOrientations_iPhone = "UIInterfaceOrientationPortrait UIInterfaceOrientationLandscapeLeft UIInterfaceOrientationLandscapeRight";
				IPHONEOS_DEPLOYMENT_TARGET = 11.0;
				LD_RUNPATH_SEARCH_PATHS = (
					"$(inherited)",
					"@executable_path/Frameworks",
				);
				MARKETING_VERSION = 1.0;
				PRODUCT_BUNDLE_IDENTIFIER = com.various.string;
				PRODUCT_NAME = "$(TARGET_NAME)";
				PROVISIONING_PROFILE_SPECIFIER = "";
				SWIFT_EMIT_LOC_STRINGS = YES;
				SWIFT_VERSION = 5.0;
				TARGETED_DEVICE_FAMILY = "1,2";
			};
			name = Debug;
		};
		33E6F7FA29C2EC27009013D2 /* Release */ = {
			isa = XCBuildConfiguration;
			baseConfigurationReference = 82A262FB97011FC40F59A57A /* Pods-String.release.xcconfig */;
			buildSettings = {
				ASSETCATALOG_COMPILER_APPICON_NAME = AppIcon;
				ASSETCATALOG_COMPILER_GLOBAL_ACCENT_COLOR_NAME = AccentColor;
				CODE_SIGN_IDENTITY = "Apple Development";
				CODE_SIGN_STYLE = Automatic;
				CURRENT_PROJECT_VERSION = 1;
				DEVELOPMENT_TEAM = SY3GWUA4VL;
				GENERATE_INFOPLIST_FILE = YES;
				INFOPLIST_FILE = String/Info.plist;
				INFOPLIST_KEY_LSApplicationCategoryType = "public.app-category.lifestyle";
				INFOPLIST_KEY_UIApplicationSupportsIndirectInputEvents = YES;
				INFOPLIST_KEY_UILaunchStoryboardName = LaunchScreen;
				INFOPLIST_KEY_UISupportedInterfaceOrientations_iPad = "UIInterfaceOrientationPortrait UIInterfaceOrientationPortraitUpsideDown UIInterfaceOrientationLandscapeLeft UIInterfaceOrientationLandscapeRight";
				INFOPLIST_KEY_UISupportedInterfaceOrientations_iPhone = "UIInterfaceOrientationPortrait UIInterfaceOrientationLandscapeLeft UIInterfaceOrientationLandscapeRight";
				IPHONEOS_DEPLOYMENT_TARGET = 11.0;
				LD_RUNPATH_SEARCH_PATHS = (
					"$(inherited)",
					"@executable_path/Frameworks",
				);
				MARKETING_VERSION = 1.0;
				PRODUCT_BUNDLE_IDENTIFIER = com.various.string;
				PRODUCT_NAME = "$(TARGET_NAME)";
				PROVISIONING_PROFILE_SPECIFIER = "";
				SWIFT_EMIT_LOC_STRINGS = YES;
				SWIFT_VERSION = 5.0;
				TARGETED_DEVICE_FAMILY = "1,2";
			};
			name = Release;
		};
		33E6F7FC29C2EC27009013D2 /* Debug */ = {
			isa = XCBuildConfiguration;
			baseConfigurationReference = 521344B83C70BF6CB86F9FF6 /* Pods-String-StringTests.debug.xcconfig */;
			buildSettings = {
				ALWAYS_EMBED_SWIFT_STANDARD_LIBRARIES = "$(inherited)";
				BUNDLE_LOADER = "$(TEST_HOST)";
				CODE_SIGN_STYLE = Automatic;
				CURRENT_PROJECT_VERSION = 1;
				DEVELOPMENT_TEAM = GYX5BG44P8;
				GENERATE_INFOPLIST_FILE = YES;
				IPHONEOS_DEPLOYMENT_TARGET = 16.2;
				MARKETING_VERSION = 1.0;
				PRODUCT_BUNDLE_IDENTIFIER = com.various.StringTests;
				PRODUCT_NAME = "$(TARGET_NAME)";
				SWIFT_EMIT_LOC_STRINGS = NO;
				SWIFT_VERSION = 5.0;
				TARGETED_DEVICE_FAMILY = "1,2";
				TEST_HOST = "$(BUILT_PRODUCTS_DIR)/String.app/$(BUNDLE_EXECUTABLE_FOLDER_PATH)/String";
			};
			name = Debug;
		};
		33E6F7FD29C2EC27009013D2 /* Release */ = {
			isa = XCBuildConfiguration;
			baseConfigurationReference = 46821DF10A2CCF626E5A4DB4 /* Pods-String-StringTests.release.xcconfig */;
			buildSettings = {
				ALWAYS_EMBED_SWIFT_STANDARD_LIBRARIES = "$(inherited)";
				BUNDLE_LOADER = "$(TEST_HOST)";
				CODE_SIGN_STYLE = Automatic;
				CURRENT_PROJECT_VERSION = 1;
				DEVELOPMENT_TEAM = GYX5BG44P8;
				GENERATE_INFOPLIST_FILE = YES;
				IPHONEOS_DEPLOYMENT_TARGET = 16.2;
				MARKETING_VERSION = 1.0;
				PRODUCT_BUNDLE_IDENTIFIER = com.various.StringTests;
				PRODUCT_NAME = "$(TARGET_NAME)";
				SWIFT_EMIT_LOC_STRINGS = NO;
				SWIFT_VERSION = 5.0;
				TARGETED_DEVICE_FAMILY = "1,2";
				TEST_HOST = "$(BUILT_PRODUCTS_DIR)/String.app/$(BUNDLE_EXECUTABLE_FOLDER_PATH)/String";
			};
			name = Release;
		};
		33E6F7FF29C2EC27009013D2 /* Debug */ = {
			isa = XCBuildConfiguration;
			buildSettings = {
				ALWAYS_EMBED_SWIFT_STANDARD_LIBRARIES = YES;
				CODE_SIGN_STYLE = Automatic;
				CURRENT_PROJECT_VERSION = 1;
				DEVELOPMENT_TEAM = GYX5BG44P8;
				GENERATE_INFOPLIST_FILE = YES;
				MARKETING_VERSION = 1.0;
				PRODUCT_BUNDLE_IDENTIFIER = com.various.StringUITests;
				PRODUCT_NAME = "$(TARGET_NAME)";
				SWIFT_EMIT_LOC_STRINGS = NO;
				SWIFT_VERSION = 5.0;
				TARGETED_DEVICE_FAMILY = "1,2";
				TEST_TARGET_NAME = String;
			};
			name = Debug;
		};
		33E6F80029C2EC27009013D2 /* Release */ = {
			isa = XCBuildConfiguration;
			buildSettings = {
				ALWAYS_EMBED_SWIFT_STANDARD_LIBRARIES = YES;
				CODE_SIGN_STYLE = Automatic;
				CURRENT_PROJECT_VERSION = 1;
				DEVELOPMENT_TEAM = GYX5BG44P8;
				GENERATE_INFOPLIST_FILE = YES;
				MARKETING_VERSION = 1.0;
				PRODUCT_BUNDLE_IDENTIFIER = com.various.StringUITests;
				PRODUCT_NAME = "$(TARGET_NAME)";
				SWIFT_EMIT_LOC_STRINGS = NO;
				SWIFT_VERSION = 5.0;
				TARGETED_DEVICE_FAMILY = "1,2";
				TEST_TARGET_NAME = String;
			};
			name = Release;
		};
/* End XCBuildConfiguration section */

/* Begin XCConfigurationList section */
		33E6F7C629C2EC26009013D2 /* Build configuration list for PBXProject "String" */ = {
			isa = XCConfigurationList;
			buildConfigurations = (
				33E6F7F629C2EC27009013D2 /* Debug */,
				33E6F7F729C2EC27009013D2 /* Release */,
			);
			defaultConfigurationIsVisible = 0;
			defaultConfigurationName = Release;
		};
		33E6F7F829C2EC27009013D2 /* Build configuration list for PBXNativeTarget "String" */ = {
			isa = XCConfigurationList;
			buildConfigurations = (
				33E6F7F929C2EC27009013D2 /* Debug */,
				33E6F7FA29C2EC27009013D2 /* Release */,
			);
			defaultConfigurationIsVisible = 0;
			defaultConfigurationName = Release;
		};
		33E6F7FB29C2EC27009013D2 /* Build configuration list for PBXNativeTarget "StringTests" */ = {
			isa = XCConfigurationList;
			buildConfigurations = (
				33E6F7FC29C2EC27009013D2 /* Debug */,
				33E6F7FD29C2EC27009013D2 /* Release */,
			);
			defaultConfigurationIsVisible = 0;
			defaultConfigurationName = Release;
		};
		33E6F7FE29C2EC27009013D2 /* Build configuration list for PBXNativeTarget "StringUITests" */ = {
			isa = XCConfigurationList;
			buildConfigurations = (
				33E6F7FF29C2EC27009013D2 /* Debug */,
				33E6F80029C2EC27009013D2 /* Release */,
			);
			defaultConfigurationIsVisible = 0;
			defaultConfigurationName = Release;
		};
/* End XCConfigurationList section */

/* Begin XCVersionGroup section */
		33E6F7D729C2EC27009013D2 /* String.xcdatamodeld */ = {
			isa = XCVersionGroup;
			children = (
				33E6F7D829C2EC27009013D2 /* String.xcdatamodel */,
			);
			currentVersion = 33E6F7D829C2EC27009013D2 /* String.xcdatamodel */;
			path = String.xcdatamodeld;
			sourceTree = "<group>";
			versionGroupType = wrapper.xcdatamodel;
		};
/* End XCVersionGroup section */
	};
	rootObject = 33E6F7C329C2EC26009013D2 /* Project object */;
}
